
Microsoft Visual Studio Solution File, Format Version 12.00
# Visual Studio 15
VisualStudioVersion = 15.0.26124.0
MinimumVisualStudioVersion = 15.0.26124.0
Project("{FAE04EC0-301F-11D3-BF4B-00C04F79EFBC}") = "Penguin.Cms.Web.Files.Local", "Penguin.Cms.Web.Files.Local.csproj", "{ADE17227-36F9-46C0-B68A-9A04B817EE63}"
EndProject
Project("{FAE04EC0-301F-11D3-BF4B-00C04F79EFBC}") = "Penguin.Cms.Files.Local", "..\Penguin.Cms.Files\Penguin.Cms.Files.Local.csproj", "{C05E7A97-BD08-4955-829E-2FEA6BE09EA0}"
EndProject
Project("{FAE04EC0-301F-11D3-BF4B-00C04F79EFBC}") = "Penguin.Cms.Entities.Local", "..\Penguin.Cms.Entities\Penguin.Cms.Entities.Local.csproj", "{5D5575BD-5F00-4998-A2C5-8F6654B93AAA}"
EndProject
Project("{FAE04EC0-301F-11D3-BF4B-00C04F79EFBC}") = "Penguin.Persistence.Abstractions.Local", "..\Penguin.Persistence.Abstractions\Penguin.Persistence.Abstractions.Local.csproj", "{5AC7F096-7D5C-4052-A5E5-08941D8B3D57}"
EndProject
Project("{FAE04EC0-301F-11D3-BF4B-00C04F79EFBC}") = "Penguin.Entities.Abstractions.Local", "..\Penguin.Entities.Abstractions\Penguin.Entities.Abstractions.Local.csproj", "{D55658C4-6526-4889-81D5-4F53DBEBD5F8}"
EndProject
Project("{FAE04EC0-301F-11D3-BF4B-00C04F79EFBC}") = "Penguin.Reflection.Extensions.Local", "..\Penguin.Reflection.Extensions\Penguin.Reflection.Extensions.Local.csproj", "{AE22228E-AC32-442F-9979-C9CA03F61F57}"
EndProject
Project("{FAE04EC0-301F-11D3-BF4B-00C04F79EFBC}") = "Penguin.Extensions.String.Local", "..\Penguin.Extensions.String\Penguin.Extensions.String.Local.csproj", "{5441AA75-78F1-4A7F-A909-D8B3E6089154}"
EndProject
Project("{FAE04EC0-301F-11D3-BF4B-00C04F79EFBC}") = "Penguin.Reflection.Abstractions.Local", "..\Penguin.Reflection.Abstractions\Penguin.Reflection.Abstractions.Local.csproj", "{EBF1A8AD-CFC6-4E72-9BCB-1B0A089377D9}"
EndProject
Project("{FAE04EC0-301F-11D3-BF4B-00C04F79EFBC}") = "Penguin.Files.Abstractions.Local", "..\Penguin.Files.Abstractions\Penguin.Files.Abstractions.Local.csproj", "{E32A31B6-0ADA-48BB-9340-6DCAADBFEEBB}"
EndProject
Project("{FAE04EC0-301F-11D3-BF4B-00C04F79EFBC}") = "Penguin.Cms.Files.Repositories.Local", "..\Penguin.Cms.Files.Repositories\Penguin.Cms.Files.Repositories.Local.csproj", "{D3DDEC5C-8F50-4DD0-860A-A01DC707E1C3}"
EndProject
Project("{FAE04EC0-301F-11D3-BF4B-00C04F79EFBC}") = "Penguin.Cms.Repositories.Local", "..\Penguin.Cms.Repositories\Penguin.Cms.Repositories.Local.csproj", "{41EE999D-7818-450E-A760-03620924D4C8}"
EndProject
Project("{FAE04EC0-301F-11D3-BF4B-00C04F79EFBC}") = "Penguin.Messaging.Core.Local", "..\Penguin.Messaging.Core\Penguin.Messaging.Core.Local.csproj", "{D10E97E0-B643-4500-9998-0C34FEC48998}"
EndProject
Project("{FAE04EC0-301F-11D3-BF4B-00C04F79EFBC}") = "Penguin.Debugging.Local", "..\Penguin.Debugging\Penguin.Debugging.Local.csproj", "{8437102D-845A-4B09-AB6E-7A96ED2ACFC8}"
EndProject
Project("{FAE04EC0-301F-11D3-BF4B-00C04F79EFBC}") = "Penguin.Extensions.Exceptions.Local", "..\Penguin.Extensions.Exceptions\Penguin.Extensions.Exceptions.Local.csproj", "{C63562AB-894C-4212-A0E5-3BEB2B8F4C33}"
EndProject
Project("{FAE04EC0-301F-11D3-BF4B-00C04F79EFBC}") = "Penguin.Messaging.Abstractions.Local", "..\Penguin.Messaging.Abstractions\Penguin.Messaging.Abstractions.Local.csproj", "{6DFD8308-F9C7-47F5-B395-4EFADD6658F3}"
EndProject
Project("{FAE04EC0-301F-11D3-BF4B-00C04F79EFBC}") = "Penguin.Persistence.Repositories.Local", "..\Penguin.Persistence.Repositories\Penguin.Persistence.Repositories.Local.csproj", "{F0924FA5-C637-4AB1-B0FC-A1FE33B21CB1}"
EndProject
Project("{FAE04EC0-301F-11D3-BF4B-00C04F79EFBC}") = "Penguin.DependencyInjection.Abstractions.Local", "..\Penguin.DependencyInjection.Abstractions\Penguin.DependencyInjection.Abstractions.Local.csproj", "{B793FCF7-92DD-461B-800C-E54E873F1DBA}"
EndProject
Project("{FAE04EC0-301F-11D3-BF4B-00C04F79EFBC}") = "Penguin.Messaging.Persistence.Local", "..\Penguin.Messaging.Persistence\Penguin.Messaging.Persistence.Local.csproj", "{CB8C8121-7FBF-4AFE-901D-DDAFA54A7EF6}"
EndProject
Project("{FAE04EC0-301F-11D3-BF4B-00C04F79EFBC}") = "Penguin.Reflection.Local", "..\Penguin.Reflection\Penguin.Reflection.Local.csproj", "{E7CA77CE-B423-489F-9365-E6CE781AE8CD}"
EndProject
Project("{FAE04EC0-301F-11D3-BF4B-00C04F79EFBC}") = "Penguin.Files.Local", "..\Penguin.Files\Penguin.Files.Local.csproj", "{C7172AF8-6FA6-427C-869F-B0097D9B9B53}"
EndProject
Project("{FAE04EC0-301F-11D3-BF4B-00C04F79EFBC}") = "Penguin.Configuration.Abstractions.Local", "..\Penguin.Configuration.Abstractions\Penguin.Configuration.Abstractions.Local.csproj", "{4469ED65-6E49-4EE8-84CD-704C069F6D4D}"
EndProject
Project("{FAE04EC0-301F-11D3-BF4B-00C04F79EFBC}") = "Penguin.Security.Abstractions.Local", "..\Penguin.Security.Abstractions\Penguin.Security.Abstractions.Local.csproj", "{5B4B3EDC-FAE9-462D-94F1-EFA05CDAB7C3}"
EndProject
Project("{FAE04EC0-301F-11D3-BF4B-00C04F79EFBC}") = "Penguin.Email.Templating.Abstractions.Local", "..\Penguin.Email.Templating.Abstractions\Penguin.Email.Templating.Abstractions.Local.csproj", "{6D194CBF-FAF5-47C8-A062-07E0B0396169}"
EndProject
Project("{FAE04EC0-301F-11D3-BF4B-00C04F79EFBC}") = "Penguin.Email.Abstractions.Local", "..\Penguin.Email.Abstractions\Penguin.Email.Abstractions.Local.csproj", "{1CA8019B-D0CE-45C8-927C-3CB7CE2E1177}"
EndProject
Project("{FAE04EC0-301F-11D3-BF4B-00C04F79EFBC}") = "Penguin.Templating.Abstractions.Local", "..\Penguin.Templating.Abstractions\Penguin.Templating.Abstractions.Local.csproj", "{D76EFE4F-EC8D-4F33-B835-5F9F42BA1E1D}"
EndProject
Project("{FAE04EC0-301F-11D3-BF4B-00C04F79EFBC}") = "Penguin.Messaging.Application.Local", "..\Penguin.Messaging.Application\Penguin.Messaging.Application.Local.csproj", "{63156EB8-BB3C-4285-AA46-4170E6C8E082}"
EndProject
Project("{FAE04EC0-301F-11D3-BF4B-00C04F79EFBC}") = "Penguin.Web.Abstractions.Local", "..\Penguin.Web.Abstractions\Penguin.Web.Abstractions.Local.csproj", "{8B0B65C2-5D7A-4195-9BF6-6DE6EBA49627}"
EndProject
Project("{FAE04EC0-301F-11D3-BF4B-00C04F79EFBC}") = "Penguin.Web.Data.Local", "..\Penguin.Web.Data\Penguin.Web.Data.Local.csproj", "{3D4913E7-0434-48CD-AED8-560AD41D01DC}"
EndProject
Global
	GlobalSection(SolutionConfigurationPlatforms) = preSolution
		Debug|Any CPU = Debug|Any CPU
		Debug|x64 = Debug|x64
		Debug|x86 = Debug|x86
		Release|Any CPU = Release|Any CPU
		Release|x64 = Release|x64
		Release|x86 = Release|x86
	EndGlobalSection
	GlobalSection(SolutionProperties) = preSolution
		HideSolutionNode = FALSE
	EndGlobalSection
	GlobalSection(ProjectConfigurationPlatforms) = postSolution
		{ADE17227-36F9-46C0-B68A-9A04B817EE63}.Debug|Any CPU.ActiveCfg = Debug|Any CPU
		{ADE17227-36F9-46C0-B68A-9A04B817EE63}.Debug|Any CPU.Build.0 = Debug|Any CPU
		{ADE17227-36F9-46C0-B68A-9A04B817EE63}.Debug|x64.ActiveCfg = Debug|Any CPU
		{ADE17227-36F9-46C0-B68A-9A04B817EE63}.Debug|x64.Build.0 = Debug|Any CPU
		{ADE17227-36F9-46C0-B68A-9A04B817EE63}.Debug|x86.ActiveCfg = Debug|Any CPU
		{ADE17227-36F9-46C0-B68A-9A04B817EE63}.Debug|x86.Build.0 = Debug|Any CPU
		{ADE17227-36F9-46C0-B68A-9A04B817EE63}.Release|Any CPU.ActiveCfg = Release|Any CPU
		{ADE17227-36F9-46C0-B68A-9A04B817EE63}.Release|Any CPU.Build.0 = Release|Any CPU
		{ADE17227-36F9-46C0-B68A-9A04B817EE63}.Release|x64.ActiveCfg = Release|Any CPU
		{ADE17227-36F9-46C0-B68A-9A04B817EE63}.Release|x64.Build.0 = Release|Any CPU
		{ADE17227-36F9-46C0-B68A-9A04B817EE63}.Release|x86.ActiveCfg = Release|Any CPU
		{ADE17227-36F9-46C0-B68A-9A04B817EE63}.Release|x86.Build.0 = Release|Any CPU
		{C05E7A97-BD08-4955-829E-2FEA6BE09EA0}.Debug|Any CPU.ActiveCfg = Debug|Any CPU
		{C05E7A97-BD08-4955-829E-2FEA6BE09EA0}.Debug|Any CPU.Build.0 = Debug|Any CPU
		{C05E7A97-BD08-4955-829E-2FEA6BE09EA0}.Debug|x64.ActiveCfg = Debug|Any CPU
		{C05E7A97-BD08-4955-829E-2FEA6BE09EA0}.Debug|x64.Build.0 = Debug|Any CPU
		{C05E7A97-BD08-4955-829E-2FEA6BE09EA0}.Debug|x86.ActiveCfg = Debug|Any CPU
		{C05E7A97-BD08-4955-829E-2FEA6BE09EA0}.Debug|x86.Build.0 = Debug|Any CPU
		{C05E7A97-BD08-4955-829E-2FEA6BE09EA0}.Release|Any CPU.ActiveCfg = Release|Any CPU
		{C05E7A97-BD08-4955-829E-2FEA6BE09EA0}.Release|Any CPU.Build.0 = Release|Any CPU
		{C05E7A97-BD08-4955-829E-2FEA6BE09EA0}.Release|x64.ActiveCfg = Release|Any CPU
		{C05E7A97-BD08-4955-829E-2FEA6BE09EA0}.Release|x64.Build.0 = Release|Any CPU
		{C05E7A97-BD08-4955-829E-2FEA6BE09EA0}.Release|x86.ActiveCfg = Release|Any CPU
		{C05E7A97-BD08-4955-829E-2FEA6BE09EA0}.Release|x86.Build.0 = Release|Any CPU
		{5D5575BD-5F00-4998-A2C5-8F6654B93AAA}.Debug|Any CPU.ActiveCfg = Debug|Any CPU
		{5D5575BD-5F00-4998-A2C5-8F6654B93AAA}.Debug|Any CPU.Build.0 = Debug|Any CPU
		{5D5575BD-5F00-4998-A2C5-8F6654B93AAA}.Debug|x64.ActiveCfg = Debug|Any CPU
		{5D5575BD-5F00-4998-A2C5-8F6654B93AAA}.Debug|x64.Build.0 = Debug|Any CPU
		{5D5575BD-5F00-4998-A2C5-8F6654B93AAA}.Debug|x86.ActiveCfg = Debug|Any CPU
		{5D5575BD-5F00-4998-A2C5-8F6654B93AAA}.Debug|x86.Build.0 = Debug|Any CPU
		{5D5575BD-5F00-4998-A2C5-8F6654B93AAA}.Release|Any CPU.ActiveCfg = Release|Any CPU
		{5D5575BD-5F00-4998-A2C5-8F6654B93AAA}.Release|Any CPU.Build.0 = Release|Any CPU
		{5D5575BD-5F00-4998-A2C5-8F6654B93AAA}.Release|x64.ActiveCfg = Release|Any CPU
		{5D5575BD-5F00-4998-A2C5-8F6654B93AAA}.Release|x64.Build.0 = Release|Any CPU
		{5D5575BD-5F00-4998-A2C5-8F6654B93AAA}.Release|x86.ActiveCfg = Release|Any CPU
		{5D5575BD-5F00-4998-A2C5-8F6654B93AAA}.Release|x86.Build.0 = Release|Any CPU
		{5AC7F096-7D5C-4052-A5E5-08941D8B3D57}.Debug|Any CPU.ActiveCfg = Debug|Any CPU
		{5AC7F096-7D5C-4052-A5E5-08941D8B3D57}.Debug|Any CPU.Build.0 = Debug|Any CPU
		{5AC7F096-7D5C-4052-A5E5-08941D8B3D57}.Debug|x64.ActiveCfg = Debug|Any CPU
		{5AC7F096-7D5C-4052-A5E5-08941D8B3D57}.Debug|x64.Build.0 = Debug|Any CPU
		{5AC7F096-7D5C-4052-A5E5-08941D8B3D57}.Debug|x86.ActiveCfg = Debug|Any CPU
		{5AC7F096-7D5C-4052-A5E5-08941D8B3D57}.Debug|x86.Build.0 = Debug|Any CPU
		{5AC7F096-7D5C-4052-A5E5-08941D8B3D57}.Release|Any CPU.ActiveCfg = Release|Any CPU
		{5AC7F096-7D5C-4052-A5E5-08941D8B3D57}.Release|Any CPU.Build.0 = Release|Any CPU
		{5AC7F096-7D5C-4052-A5E5-08941D8B3D57}.Release|x64.ActiveCfg = Release|Any CPU
		{5AC7F096-7D5C-4052-A5E5-08941D8B3D57}.Release|x64.Build.0 = Release|Any CPU
		{5AC7F096-7D5C-4052-A5E5-08941D8B3D57}.Release|x86.ActiveCfg = Release|Any CPU
		{5AC7F096-7D5C-4052-A5E5-08941D8B3D57}.Release|x86.Build.0 = Release|Any CPU
		{D55658C4-6526-4889-81D5-4F53DBEBD5F8}.Debug|Any CPU.ActiveCfg = Debug|Any CPU
		{D55658C4-6526-4889-81D5-4F53DBEBD5F8}.Debug|Any CPU.Build.0 = Debug|Any CPU
		{D55658C4-6526-4889-81D5-4F53DBEBD5F8}.Debug|x64.ActiveCfg = Debug|Any CPU
		{D55658C4-6526-4889-81D5-4F53DBEBD5F8}.Debug|x64.Build.0 = Debug|Any CPU
		{D55658C4-6526-4889-81D5-4F53DBEBD5F8}.Debug|x86.ActiveCfg = Debug|Any CPU
		{D55658C4-6526-4889-81D5-4F53DBEBD5F8}.Debug|x86.Build.0 = Debug|Any CPU
		{D55658C4-6526-4889-81D5-4F53DBEBD5F8}.Release|Any CPU.ActiveCfg = Release|Any CPU
		{D55658C4-6526-4889-81D5-4F53DBEBD5F8}.Release|Any CPU.Build.0 = Release|Any CPU
		{D55658C4-6526-4889-81D5-4F53DBEBD5F8}.Release|x64.ActiveCfg = Release|Any CPU
		{D55658C4-6526-4889-81D5-4F53DBEBD5F8}.Release|x64.Build.0 = Release|Any CPU
		{D55658C4-6526-4889-81D5-4F53DBEBD5F8}.Release|x86.ActiveCfg = Release|Any CPU
		{D55658C4-6526-4889-81D5-4F53DBEBD5F8}.Release|x86.Build.0 = Release|Any CPU
		{AE22228E-AC32-442F-9979-C9CA03F61F57}.Debug|Any CPU.ActiveCfg = Debug|Any CPU
		{AE22228E-AC32-442F-9979-C9CA03F61F57}.Debug|Any CPU.Build.0 = Debug|Any CPU
		{AE22228E-AC32-442F-9979-C9CA03F61F57}.Debug|x64.ActiveCfg = Debug|Any CPU
		{AE22228E-AC32-442F-9979-C9CA03F61F57}.Debug|x64.Build.0 = Debug|Any CPU
		{AE22228E-AC32-442F-9979-C9CA03F61F57}.Debug|x86.ActiveCfg = Debug|Any CPU
		{AE22228E-AC32-442F-9979-C9CA03F61F57}.Debug|x86.Build.0 = Debug|Any CPU
		{AE22228E-AC32-442F-9979-C9CA03F61F57}.Release|Any CPU.ActiveCfg = Release|Any CPU
		{AE22228E-AC32-442F-9979-C9CA03F61F57}.Release|Any CPU.Build.0 = Release|Any CPU
		{AE22228E-AC32-442F-9979-C9CA03F61F57}.Release|x64.ActiveCfg = Release|Any CPU
		{AE22228E-AC32-442F-9979-C9CA03F61F57}.Release|x64.Build.0 = Release|Any CPU
		{AE22228E-AC32-442F-9979-C9CA03F61F57}.Release|x86.ActiveCfg = Release|Any CPU
		{AE22228E-AC32-442F-9979-C9CA03F61F57}.Release|x86.Build.0 = Release|Any CPU
		{5441AA75-78F1-4A7F-A909-D8B3E6089154}.Debug|Any CPU.ActiveCfg = Debug|Any CPU
		{5441AA75-78F1-4A7F-A909-D8B3E6089154}.Debug|Any CPU.Build.0 = Debug|Any CPU
		{5441AA75-78F1-4A7F-A909-D8B3E6089154}.Debug|x64.ActiveCfg = Debug|Any CPU
		{5441AA75-78F1-4A7F-A909-D8B3E6089154}.Debug|x64.Build.0 = Debug|Any CPU
		{5441AA75-78F1-4A7F-A909-D8B3E6089154}.Debug|x86.ActiveCfg = Debug|Any CPU
		{5441AA75-78F1-4A7F-A909-D8B3E6089154}.Debug|x86.Build.0 = Debug|Any CPU
		{5441AA75-78F1-4A7F-A909-D8B3E6089154}.Release|Any CPU.ActiveCfg = Release|Any CPU
		{5441AA75-78F1-4A7F-A909-D8B3E6089154}.Release|Any CPU.Build.0 = Release|Any CPU
		{5441AA75-78F1-4A7F-A909-D8B3E6089154}.Release|x64.ActiveCfg = Release|Any CPU
		{5441AA75-78F1-4A7F-A909-D8B3E6089154}.Release|x64.Build.0 = Release|Any CPU
		{5441AA75-78F1-4A7F-A909-D8B3E6089154}.Release|x86.ActiveCfg = Release|Any CPU
		{5441AA75-78F1-4A7F-A909-D8B3E6089154}.Release|x86.Build.0 = Release|Any CPU
		{EBF1A8AD-CFC6-4E72-9BCB-1B0A089377D9}.Debug|Any CPU.ActiveCfg = Debug|Any CPU
		{EBF1A8AD-CFC6-4E72-9BCB-1B0A089377D9}.Debug|Any CPU.Build.0 = Debug|Any CPU
		{EBF1A8AD-CFC6-4E72-9BCB-1B0A089377D9}.Debug|x64.ActiveCfg = Debug|Any CPU
		{EBF1A8AD-CFC6-4E72-9BCB-1B0A089377D9}.Debug|x64.Build.0 = Debug|Any CPU
		{EBF1A8AD-CFC6-4E72-9BCB-1B0A089377D9}.Debug|x86.ActiveCfg = Debug|Any CPU
		{EBF1A8AD-CFC6-4E72-9BCB-1B0A089377D9}.Debug|x86.Build.0 = Debug|Any CPU
		{EBF1A8AD-CFC6-4E72-9BCB-1B0A089377D9}.Release|Any CPU.ActiveCfg = Release|Any CPU
		{EBF1A8AD-CFC6-4E72-9BCB-1B0A089377D9}.Release|Any CPU.Build.0 = Release|Any CPU
		{EBF1A8AD-CFC6-4E72-9BCB-1B0A089377D9}.Release|x64.ActiveCfg = Release|Any CPU
		{EBF1A8AD-CFC6-4E72-9BCB-1B0A089377D9}.Release|x64.Build.0 = Release|Any CPU
		{EBF1A8AD-CFC6-4E72-9BCB-1B0A089377D9}.Release|x86.ActiveCfg = Release|Any CPU
		{EBF1A8AD-CFC6-4E72-9BCB-1B0A089377D9}.Release|x86.Build.0 = Release|Any CPU
		{E32A31B6-0ADA-48BB-9340-6DCAADBFEEBB}.Debug|Any CPU.ActiveCfg = Debug|Any CPU
		{E32A31B6-0ADA-48BB-9340-6DCAADBFEEBB}.Debug|Any CPU.Build.0 = Debug|Any CPU
		{E32A31B6-0ADA-48BB-9340-6DCAADBFEEBB}.Debug|x64.ActiveCfg = Debug|Any CPU
		{E32A31B6-0ADA-48BB-9340-6DCAADBFEEBB}.Debug|x64.Build.0 = Debug|Any CPU
		{E32A31B6-0ADA-48BB-9340-6DCAADBFEEBB}.Debug|x86.ActiveCfg = Debug|Any CPU
		{E32A31B6-0ADA-48BB-9340-6DCAADBFEEBB}.Debug|x86.Build.0 = Debug|Any CPU
		{E32A31B6-0ADA-48BB-9340-6DCAADBFEEBB}.Release|Any CPU.ActiveCfg = Release|Any CPU
		{E32A31B6-0ADA-48BB-9340-6DCAADBFEEBB}.Release|Any CPU.Build.0 = Release|Any CPU
		{E32A31B6-0ADA-48BB-9340-6DCAADBFEEBB}.Release|x64.ActiveCfg = Release|Any CPU
		{E32A31B6-0ADA-48BB-9340-6DCAADBFEEBB}.Release|x64.Build.0 = Release|Any CPU
		{E32A31B6-0ADA-48BB-9340-6DCAADBFEEBB}.Release|x86.ActiveCfg = Release|Any CPU
		{E32A31B6-0ADA-48BB-9340-6DCAADBFEEBB}.Release|x86.Build.0 = Release|Any CPU
		{D3DDEC5C-8F50-4DD0-860A-A01DC707E1C3}.Debug|Any CPU.ActiveCfg = Debug|Any CPU
		{D3DDEC5C-8F50-4DD0-860A-A01DC707E1C3}.Debug|Any CPU.Build.0 = Debug|Any CPU
		{D3DDEC5C-8F50-4DD0-860A-A01DC707E1C3}.Debug|x64.ActiveCfg = Debug|Any CPU
		{D3DDEC5C-8F50-4DD0-860A-A01DC707E1C3}.Debug|x64.Build.0 = Debug|Any CPU
		{D3DDEC5C-8F50-4DD0-860A-A01DC707E1C3}.Debug|x86.ActiveCfg = Debug|Any CPU
		{D3DDEC5C-8F50-4DD0-860A-A01DC707E1C3}.Debug|x86.Build.0 = Debug|Any CPU
		{D3DDEC5C-8F50-4DD0-860A-A01DC707E1C3}.Release|Any CPU.ActiveCfg = Release|Any CPU
		{D3DDEC5C-8F50-4DD0-860A-A01DC707E1C3}.Release|Any CPU.Build.0 = Release|Any CPU
		{D3DDEC5C-8F50-4DD0-860A-A01DC707E1C3}.Release|x64.ActiveCfg = Release|Any CPU
		{D3DDEC5C-8F50-4DD0-860A-A01DC707E1C3}.Release|x64.Build.0 = Release|Any CPU
		{D3DDEC5C-8F50-4DD0-860A-A01DC707E1C3}.Release|x86.ActiveCfg = Release|Any CPU
		{D3DDEC5C-8F50-4DD0-860A-A01DC707E1C3}.Release|x86.Build.0 = Release|Any CPU
		{41EE999D-7818-450E-A760-03620924D4C8}.Debug|Any CPU.ActiveCfg = Debug|Any CPU
		{41EE999D-7818-450E-A760-03620924D4C8}.Debug|Any CPU.Build.0 = Debug|Any CPU
		{41EE999D-7818-450E-A760-03620924D4C8}.Debug|x64.ActiveCfg = Debug|Any CPU
		{41EE999D-7818-450E-A760-03620924D4C8}.Debug|x64.Build.0 = Debug|Any CPU
		{41EE999D-7818-450E-A760-03620924D4C8}.Debug|x86.ActiveCfg = Debug|Any CPU
		{41EE999D-7818-450E-A760-03620924D4C8}.Debug|x86.Build.0 = Debug|Any CPU
		{41EE999D-7818-450E-A760-03620924D4C8}.Release|Any CPU.ActiveCfg = Release|Any CPU
		{41EE999D-7818-450E-A760-03620924D4C8}.Release|Any CPU.Build.0 = Release|Any CPU
		{41EE999D-7818-450E-A760-03620924D4C8}.Release|x64.ActiveCfg = Release|Any CPU
		{41EE999D-7818-450E-A760-03620924D4C8}.Release|x64.Build.0 = Release|Any CPU
		{41EE999D-7818-450E-A760-03620924D4C8}.Release|x86.ActiveCfg = Release|Any CPU
		{41EE999D-7818-450E-A760-03620924D4C8}.Release|x86.Build.0 = Release|Any CPU
		{D10E97E0-B643-4500-9998-0C34FEC48998}.Debug|Any CPU.ActiveCfg = Debug|Any CPU
		{D10E97E0-B643-4500-9998-0C34FEC48998}.Debug|Any CPU.Build.0 = Debug|Any CPU
		{D10E97E0-B643-4500-9998-0C34FEC48998}.Debug|x64.ActiveCfg = Debug|Any CPU
		{D10E97E0-B643-4500-9998-0C34FEC48998}.Debug|x64.Build.0 = Debug|Any CPU
		{D10E97E0-B643-4500-9998-0C34FEC48998}.Debug|x86.ActiveCfg = Debug|Any CPU
		{D10E97E0-B643-4500-9998-0C34FEC48998}.Debug|x86.Build.0 = Debug|Any CPU
		{D10E97E0-B643-4500-9998-0C34FEC48998}.Release|Any CPU.ActiveCfg = Release|Any CPU
		{D10E97E0-B643-4500-9998-0C34FEC48998}.Release|Any CPU.Build.0 = Release|Any CPU
		{D10E97E0-B643-4500-9998-0C34FEC48998}.Release|x64.ActiveCfg = Release|Any CPU
		{D10E97E0-B643-4500-9998-0C34FEC48998}.Release|x64.Build.0 = Release|Any CPU
		{D10E97E0-B643-4500-9998-0C34FEC48998}.Release|x86.ActiveCfg = Release|Any CPU
		{D10E97E0-B643-4500-9998-0C34FEC48998}.Release|x86.Build.0 = Release|Any CPU
		{8437102D-845A-4B09-AB6E-7A96ED2ACFC8}.Debug|Any CPU.ActiveCfg = Debug|Any CPU
		{8437102D-845A-4B09-AB6E-7A96ED2ACFC8}.Debug|Any CPU.Build.0 = Debug|Any CPU
		{8437102D-845A-4B09-AB6E-7A96ED2ACFC8}.Debug|x64.ActiveCfg = Debug|Any CPU
		{8437102D-845A-4B09-AB6E-7A96ED2ACFC8}.Debug|x64.Build.0 = Debug|Any CPU
		{8437102D-845A-4B09-AB6E-7A96ED2ACFC8}.Debug|x86.ActiveCfg = Debug|Any CPU
		{8437102D-845A-4B09-AB6E-7A96ED2ACFC8}.Debug|x86.Build.0 = Debug|Any CPU
		{8437102D-845A-4B09-AB6E-7A96ED2ACFC8}.Release|Any CPU.ActiveCfg = Release|Any CPU
		{8437102D-845A-4B09-AB6E-7A96ED2ACFC8}.Release|Any CPU.Build.0 = Release|Any CPU
		{8437102D-845A-4B09-AB6E-7A96ED2ACFC8}.Release|x64.ActiveCfg = Release|Any CPU
		{8437102D-845A-4B09-AB6E-7A96ED2ACFC8}.Release|x64.Build.0 = Release|Any CPU
		{8437102D-845A-4B09-AB6E-7A96ED2ACFC8}.Release|x86.ActiveCfg = Release|Any CPU
		{8437102D-845A-4B09-AB6E-7A96ED2ACFC8}.Release|x86.Build.0 = Release|Any CPU
		{C63562AB-894C-4212-A0E5-3BEB2B8F4C33}.Debug|Any CPU.ActiveCfg = Debug|Any CPU
		{C63562AB-894C-4212-A0E5-3BEB2B8F4C33}.Debug|Any CPU.Build.0 = Debug|Any CPU
		{C63562AB-894C-4212-A0E5-3BEB2B8F4C33}.Debug|x64.ActiveCfg = Debug|Any CPU
		{C63562AB-894C-4212-A0E5-3BEB2B8F4C33}.Debug|x64.Build.0 = Debug|Any CPU
		{C63562AB-894C-4212-A0E5-3BEB2B8F4C33}.Debug|x86.ActiveCfg = Debug|Any CPU
		{C63562AB-894C-4212-A0E5-3BEB2B8F4C33}.Debug|x86.Build.0 = Debug|Any CPU
		{C63562AB-894C-4212-A0E5-3BEB2B8F4C33}.Release|Any CPU.ActiveCfg = Release|Any CPU
		{C63562AB-894C-4212-A0E5-3BEB2B8F4C33}.Release|Any CPU.Build.0 = Release|Any CPU
		{C63562AB-894C-4212-A0E5-3BEB2B8F4C33}.Release|x64.ActiveCfg = Release|Any CPU
		{C63562AB-894C-4212-A0E5-3BEB2B8F4C33}.Release|x64.Build.0 = Release|Any CPU
		{C63562AB-894C-4212-A0E5-3BEB2B8F4C33}.Release|x86.ActiveCfg = Release|Any CPU
		{C63562AB-894C-4212-A0E5-3BEB2B8F4C33}.Release|x86.Build.0 = Release|Any CPU
		{6DFD8308-F9C7-47F5-B395-4EFADD6658F3}.Debug|Any CPU.ActiveCfg = Debug|Any CPU
		{6DFD8308-F9C7-47F5-B395-4EFADD6658F3}.Debug|Any CPU.Build.0 = Debug|Any CPU
		{6DFD8308-F9C7-47F5-B395-4EFADD6658F3}.Debug|x64.ActiveCfg = Debug|Any CPU
		{6DFD8308-F9C7-47F5-B395-4EFADD6658F3}.Debug|x64.Build.0 = Debug|Any CPU
		{6DFD8308-F9C7-47F5-B395-4EFADD6658F3}.Debug|x86.ActiveCfg = Debug|Any CPU
		{6DFD8308-F9C7-47F5-B395-4EFADD6658F3}.Debug|x86.Build.0 = Debug|Any CPU
		{6DFD8308-F9C7-47F5-B395-4EFADD6658F3}.Release|Any CPU.ActiveCfg = Release|Any CPU
		{6DFD8308-F9C7-47F5-B395-4EFADD6658F3}.Release|Any CPU.Build.0 = Release|Any CPU
		{6DFD8308-F9C7-47F5-B395-4EFADD6658F3}.Release|x64.ActiveCfg = Release|Any CPU
		{6DFD8308-F9C7-47F5-B395-4EFADD6658F3}.Release|x64.Build.0 = Release|Any CPU
		{6DFD8308-F9C7-47F5-B395-4EFADD6658F3}.Release|x86.ActiveCfg = Release|Any CPU
		{6DFD8308-F9C7-47F5-B395-4EFADD6658F3}.Release|x86.Build.0 = Release|Any CPU
		{F0924FA5-C637-4AB1-B0FC-A1FE33B21CB1}.Debug|Any CPU.ActiveCfg = Debug|Any CPU
		{F0924FA5-C637-4AB1-B0FC-A1FE33B21CB1}.Debug|Any CPU.Build.0 = Debug|Any CPU
		{F0924FA5-C637-4AB1-B0FC-A1FE33B21CB1}.Debug|x64.ActiveCfg = Debug|Any CPU
		{F0924FA5-C637-4AB1-B0FC-A1FE33B21CB1}.Debug|x64.Build.0 = Debug|Any CPU
		{F0924FA5-C637-4AB1-B0FC-A1FE33B21CB1}.Debug|x86.ActiveCfg = Debug|Any CPU
		{F0924FA5-C637-4AB1-B0FC-A1FE33B21CB1}.Debug|x86.Build.0 = Debug|Any CPU
		{F0924FA5-C637-4AB1-B0FC-A1FE33B21CB1}.Release|Any CPU.ActiveCfg = Release|Any CPU
		{F0924FA5-C637-4AB1-B0FC-A1FE33B21CB1}.Release|Any CPU.Build.0 = Release|Any CPU
		{F0924FA5-C637-4AB1-B0FC-A1FE33B21CB1}.Release|x64.ActiveCfg = Release|Any CPU
		{F0924FA5-C637-4AB1-B0FC-A1FE33B21CB1}.Release|x64.Build.0 = Release|Any CPU
		{F0924FA5-C637-4AB1-B0FC-A1FE33B21CB1}.Release|x86.ActiveCfg = Release|Any CPU
		{F0924FA5-C637-4AB1-B0FC-A1FE33B21CB1}.Release|x86.Build.0 = Release|Any CPU
		{B793FCF7-92DD-461B-800C-E54E873F1DBA}.Debug|Any CPU.ActiveCfg = Debug|Any CPU
		{B793FCF7-92DD-461B-800C-E54E873F1DBA}.Debug|Any CPU.Build.0 = Debug|Any CPU
		{B793FCF7-92DD-461B-800C-E54E873F1DBA}.Debug|x64.ActiveCfg = Debug|Any CPU
		{B793FCF7-92DD-461B-800C-E54E873F1DBA}.Debug|x64.Build.0 = Debug|Any CPU
		{B793FCF7-92DD-461B-800C-E54E873F1DBA}.Debug|x86.ActiveCfg = Debug|Any CPU
		{B793FCF7-92DD-461B-800C-E54E873F1DBA}.Debug|x86.Build.0 = Debug|Any CPU
		{B793FCF7-92DD-461B-800C-E54E873F1DBA}.Release|Any CPU.ActiveCfg = Release|Any CPU
		{B793FCF7-92DD-461B-800C-E54E873F1DBA}.Release|Any CPU.Build.0 = Release|Any CPU
		{B793FCF7-92DD-461B-800C-E54E873F1DBA}.Release|x64.ActiveCfg = Release|Any CPU
		{B793FCF7-92DD-461B-800C-E54E873F1DBA}.Release|x64.Build.0 = Release|Any CPU
		{B793FCF7-92DD-461B-800C-E54E873F1DBA}.Release|x86.ActiveCfg = Release|Any CPU
		{B793FCF7-92DD-461B-800C-E54E873F1DBA}.Release|x86.Build.0 = Release|Any CPU
		{CB8C8121-7FBF-4AFE-901D-DDAFA54A7EF6}.Debug|Any CPU.ActiveCfg = Debug|Any CPU
		{CB8C8121-7FBF-4AFE-901D-DDAFA54A7EF6}.Debug|Any CPU.Build.0 = Debug|Any CPU
		{CB8C8121-7FBF-4AFE-901D-DDAFA54A7EF6}.Debug|x64.ActiveCfg = Debug|Any CPU
		{CB8C8121-7FBF-4AFE-901D-DDAFA54A7EF6}.Debug|x64.Build.0 = Debug|Any CPU
		{CB8C8121-7FBF-4AFE-901D-DDAFA54A7EF6}.Debug|x86.ActiveCfg = Debug|Any CPU
		{CB8C8121-7FBF-4AFE-901D-DDAFA54A7EF6}.Debug|x86.Build.0 = Debug|Any CPU
		{CB8C8121-7FBF-4AFE-901D-DDAFA54A7EF6}.Release|Any CPU.ActiveCfg = Release|Any CPU
		{CB8C8121-7FBF-4AFE-901D-DDAFA54A7EF6}.Release|Any CPU.Build.0 = Release|Any CPU
		{CB8C8121-7FBF-4AFE-901D-DDAFA54A7EF6}.Release|x64.ActiveCfg = Release|Any CPU
		{CB8C8121-7FBF-4AFE-901D-DDAFA54A7EF6}.Release|x64.Build.0 = Release|Any CPU
		{CB8C8121-7FBF-4AFE-901D-DDAFA54A7EF6}.Release|x86.ActiveCfg = Release|Any CPU
		{CB8C8121-7FBF-4AFE-901D-DDAFA54A7EF6}.Release|x86.Build.0 = Release|Any CPU
		{E7CA77CE-B423-489F-9365-E6CE781AE8CD}.Debug|Any CPU.ActiveCfg = Debug|Any CPU
		{E7CA77CE-B423-489F-9365-E6CE781AE8CD}.Debug|Any CPU.Build.0 = Debug|Any CPU
		{E7CA77CE-B423-489F-9365-E6CE781AE8CD}.Debug|x64.ActiveCfg = Debug|Any CPU
		{E7CA77CE-B423-489F-9365-E6CE781AE8CD}.Debug|x64.Build.0 = Debug|Any CPU
		{E7CA77CE-B423-489F-9365-E6CE781AE8CD}.Debug|x86.ActiveCfg = Debug|Any CPU
		{E7CA77CE-B423-489F-9365-E6CE781AE8CD}.Debug|x86.Build.0 = Debug|Any CPU
		{E7CA77CE-B423-489F-9365-E6CE781AE8CD}.Release|Any CPU.ActiveCfg = Release|Any CPU
		{E7CA77CE-B423-489F-9365-E6CE781AE8CD}.Release|Any CPU.Build.0 = Release|Any CPU
		{E7CA77CE-B423-489F-9365-E6CE781AE8CD}.Release|x64.ActiveCfg = Release|Any CPU
		{E7CA77CE-B423-489F-9365-E6CE781AE8CD}.Release|x64.Build.0 = Release|Any CPU
		{E7CA77CE-B423-489F-9365-E6CE781AE8CD}.Release|x86.ActiveCfg = Release|Any CPU
		{E7CA77CE-B423-489F-9365-E6CE781AE8CD}.Release|x86.Build.0 = Release|Any CPU
		{C7172AF8-6FA6-427C-869F-B0097D9B9B53}.Debug|Any CPU.ActiveCfg = Debug|Any CPU
		{C7172AF8-6FA6-427C-869F-B0097D9B9B53}.Debug|Any CPU.Build.0 = Debug|Any CPU
		{C7172AF8-6FA6-427C-869F-B0097D9B9B53}.Debug|x64.ActiveCfg = Debug|Any CPU
		{C7172AF8-6FA6-427C-869F-B0097D9B9B53}.Debug|x64.Build.0 = Debug|Any CPU
		{C7172AF8-6FA6-427C-869F-B0097D9B9B53}.Debug|x86.ActiveCfg = Debug|Any CPU
		{C7172AF8-6FA6-427C-869F-B0097D9B9B53}.Debug|x86.Build.0 = Debug|Any CPU
		{C7172AF8-6FA6-427C-869F-B0097D9B9B53}.Release|Any CPU.ActiveCfg = Release|Any CPU
		{C7172AF8-6FA6-427C-869F-B0097D9B9B53}.Release|Any CPU.Build.0 = Release|Any CPU
		{C7172AF8-6FA6-427C-869F-B0097D9B9B53}.Release|x64.ActiveCfg = Release|Any CPU
		{C7172AF8-6FA6-427C-869F-B0097D9B9B53}.Release|x64.Build.0 = Release|Any CPU
		{C7172AF8-6FA6-427C-869F-B0097D9B9B53}.Release|x86.ActiveCfg = Release|Any CPU
		{C7172AF8-6FA6-427C-869F-B0097D9B9B53}.Release|x86.Build.0 = Release|Any CPU
		{4469ED65-6E49-4EE8-84CD-704C069F6D4D}.Debug|Any CPU.ActiveCfg = Debug|Any CPU
		{4469ED65-6E49-4EE8-84CD-704C069F6D4D}.Debug|Any CPU.Build.0 = Debug|Any CPU
		{4469ED65-6E49-4EE8-84CD-704C069F6D4D}.Debug|x64.ActiveCfg = Debug|Any CPU
		{4469ED65-6E49-4EE8-84CD-704C069F6D4D}.Debug|x64.Build.0 = Debug|Any CPU
		{4469ED65-6E49-4EE8-84CD-704C069F6D4D}.Debug|x86.ActiveCfg = Debug|Any CPU
		{4469ED65-6E49-4EE8-84CD-704C069F6D4D}.Debug|x86.Build.0 = Debug|Any CPU
		{4469ED65-6E49-4EE8-84CD-704C069F6D4D}.Release|Any CPU.ActiveCfg = Release|Any CPU
		{4469ED65-6E49-4EE8-84CD-704C069F6D4D}.Release|Any CPU.Build.0 = Release|Any CPU
		{4469ED65-6E49-4EE8-84CD-704C069F6D4D}.Release|x64.ActiveCfg = Release|Any CPU
		{4469ED65-6E49-4EE8-84CD-704C069F6D4D}.Release|x64.Build.0 = Release|Any CPU
		{4469ED65-6E49-4EE8-84CD-704C069F6D4D}.Release|x86.ActiveCfg = Release|Any CPU
		{4469ED65-6E49-4EE8-84CD-704C069F6D4D}.Release|x86.Build.0 = Release|Any CPU
		{5B4B3EDC-FAE9-462D-94F1-EFA05CDAB7C3}.Debug|Any CPU.ActiveCfg = Debug|Any CPU
		{5B4B3EDC-FAE9-462D-94F1-EFA05CDAB7C3}.Debug|Any CPU.Build.0 = Debug|Any CPU
		{5B4B3EDC-FAE9-462D-94F1-EFA05CDAB7C3}.Debug|x64.ActiveCfg = Debug|Any CPU
		{5B4B3EDC-FAE9-462D-94F1-EFA05CDAB7C3}.Debug|x64.Build.0 = Debug|Any CPU
		{5B4B3EDC-FAE9-462D-94F1-EFA05CDAB7C3}.Debug|x86.ActiveCfg = Debug|Any CPU
		{5B4B3EDC-FAE9-462D-94F1-EFA05CDAB7C3}.Debug|x86.Build.0 = Debug|Any CPU
		{5B4B3EDC-FAE9-462D-94F1-EFA05CDAB7C3}.Release|Any CPU.ActiveCfg = Release|Any CPU
		{5B4B3EDC-FAE9-462D-94F1-EFA05CDAB7C3}.Release|Any CPU.Build.0 = Release|Any CPU
		{5B4B3EDC-FAE9-462D-94F1-EFA05CDAB7C3}.Release|x64.ActiveCfg = Release|Any CPU
		{5B4B3EDC-FAE9-462D-94F1-EFA05CDAB7C3}.Release|x64.Build.0 = Release|Any CPU
		{5B4B3EDC-FAE9-462D-94F1-EFA05CDAB7C3}.Release|x86.ActiveCfg = Release|Any CPU
		{5B4B3EDC-FAE9-462D-94F1-EFA05CDAB7C3}.Release|x86.Build.0 = Release|Any CPU
		{6D194CBF-FAF5-47C8-A062-07E0B0396169}.Debug|Any CPU.ActiveCfg = Debug|Any CPU
		{6D194CBF-FAF5-47C8-A062-07E0B0396169}.Debug|Any CPU.Build.0 = Debug|Any CPU
		{6D194CBF-FAF5-47C8-A062-07E0B0396169}.Debug|x64.ActiveCfg = Debug|Any CPU
		{6D194CBF-FAF5-47C8-A062-07E0B0396169}.Debug|x64.Build.0 = Debug|Any CPU
		{6D194CBF-FAF5-47C8-A062-07E0B0396169}.Debug|x86.ActiveCfg = Debug|Any CPU
		{6D194CBF-FAF5-47C8-A062-07E0B0396169}.Debug|x86.Build.0 = Debug|Any CPU
		{6D194CBF-FAF5-47C8-A062-07E0B0396169}.Release|Any CPU.ActiveCfg = Release|Any CPU
		{6D194CBF-FAF5-47C8-A062-07E0B0396169}.Release|Any CPU.Build.0 = Release|Any CPU
		{6D194CBF-FAF5-47C8-A062-07E0B0396169}.Release|x64.ActiveCfg = Release|Any CPU
		{6D194CBF-FAF5-47C8-A062-07E0B0396169}.Release|x64.Build.0 = Release|Any CPU
		{6D194CBF-FAF5-47C8-A062-07E0B0396169}.Release|x86.ActiveCfg = Release|Any CPU
		{6D194CBF-FAF5-47C8-A062-07E0B0396169}.Release|x86.Build.0 = Release|Any CPU
		{1CA8019B-D0CE-45C8-927C-3CB7CE2E1177}.Debug|Any CPU.ActiveCfg = Debug|Any CPU
		{1CA8019B-D0CE-45C8-927C-3CB7CE2E1177}.Debug|Any CPU.Build.0 = Debug|Any CPU
		{1CA8019B-D0CE-45C8-927C-3CB7CE2E1177}.Debug|x64.ActiveCfg = Debug|Any CPU
		{1CA8019B-D0CE-45C8-927C-3CB7CE2E1177}.Debug|x64.Build.0 = Debug|Any CPU
		{1CA8019B-D0CE-45C8-927C-3CB7CE2E1177}.Debug|x86.ActiveCfg = Debug|Any CPU
		{1CA8019B-D0CE-45C8-927C-3CB7CE2E1177}.Debug|x86.Build.0 = Debug|Any CPU
		{1CA8019B-D0CE-45C8-927C-3CB7CE2E1177}.Release|Any CPU.ActiveCfg = Release|Any CPU
		{1CA8019B-D0CE-45C8-927C-3CB7CE2E1177}.Release|Any CPU.Build.0 = Release|Any CPU
		{1CA8019B-D0CE-45C8-927C-3CB7CE2E1177}.Release|x64.ActiveCfg = Release|Any CPU
		{1CA8019B-D0CE-45C8-927C-3CB7CE2E1177}.Release|x64.Build.0 = Release|Any CPU
		{1CA8019B-D0CE-45C8-927C-3CB7CE2E1177}.Release|x86.ActiveCfg = Release|Any CPU
		{1CA8019B-D0CE-45C8-927C-3CB7CE2E1177}.Release|x86.Build.0 = Release|Any CPU
		{D76EFE4F-EC8D-4F33-B835-5F9F42BA1E1D}.Debug|Any CPU.ActiveCfg = Debug|Any CPU
		{D76EFE4F-EC8D-4F33-B835-5F9F42BA1E1D}.Debug|Any CPU.Build.0 = Debug|Any CPU
		{D76EFE4F-EC8D-4F33-B835-5F9F42BA1E1D}.Debug|x64.ActiveCfg = Debug|Any CPU
		{D76EFE4F-EC8D-4F33-B835-5F9F42BA1E1D}.Debug|x64.Build.0 = Debug|Any CPU
		{D76EFE4F-EC8D-4F33-B835-5F9F42BA1E1D}.Debug|x86.ActiveCfg = Debug|Any CPU
		{D76EFE4F-EC8D-4F33-B835-5F9F42BA1E1D}.Debug|x86.Build.0 = Debug|Any CPU
		{D76EFE4F-EC8D-4F33-B835-5F9F42BA1E1D}.Release|Any CPU.ActiveCfg = Release|Any CPU
		{D76EFE4F-EC8D-4F33-B835-5F9F42BA1E1D}.Release|Any CPU.Build.0 = Release|Any CPU
		{D76EFE4F-EC8D-4F33-B835-5F9F42BA1E1D}.Release|x64.ActiveCfg = Release|Any CPU
		{D76EFE4F-EC8D-4F33-B835-5F9F42BA1E1D}.Release|x64.Build.0 = Release|Any CPU
		{D76EFE4F-EC8D-4F33-B835-5F9F42BA1E1D}.Release|x86.ActiveCfg = Release|Any CPU
		{D76EFE4F-EC8D-4F33-B835-5F9F42BA1E1D}.Release|x86.Build.0 = Release|Any CPU
		{63156EB8-BB3C-4285-AA46-4170E6C8E082}.Debug|Any CPU.ActiveCfg = Debug|Any CPU
		{63156EB8-BB3C-4285-AA46-4170E6C8E082}.Debug|Any CPU.Build.0 = Debug|Any CPU
		{63156EB8-BB3C-4285-AA46-4170E6C8E082}.Debug|x64.ActiveCfg = Debug|Any CPU
		{63156EB8-BB3C-4285-AA46-4170E6C8E082}.Debug|x64.Build.0 = Debug|Any CPU
		{63156EB8-BB3C-4285-AA46-4170E6C8E082}.Debug|x86.ActiveCfg = Debug|Any CPU
		{63156EB8-BB3C-4285-AA46-4170E6C8E082}.Debug|x86.Build.0 = Debug|Any CPU
		{63156EB8-BB3C-4285-AA46-4170E6C8E082}.Release|Any CPU.ActiveCfg = Release|Any CPU
		{63156EB8-BB3C-4285-AA46-4170E6C8E082}.Release|Any CPU.Build.0 = Release|Any CPU
		{63156EB8-BB3C-4285-AA46-4170E6C8E082}.Release|x64.ActiveCfg = Release|Any CPU
		{63156EB8-BB3C-4285-AA46-4170E6C8E082}.Release|x64.Build.0 = Release|Any CPU
		{63156EB8-BB3C-4285-AA46-4170E6C8E082}.Release|x86.ActiveCfg = Release|Any CPU
		{63156EB8-BB3C-4285-AA46-4170E6C8E082}.Release|x86.Build.0 = Release|Any CPU
		{8B0B65C2-5D7A-4195-9BF6-6DE6EBA49627}.Debug|Any CPU.ActiveCfg = Debug|Any CPU
		{8B0B65C2-5D7A-4195-9BF6-6DE6EBA49627}.Debug|Any CPU.Build.0 = Debug|Any CPU
		{8B0B65C2-5D7A-4195-9BF6-6DE6EBA49627}.Debug|x64.ActiveCfg = Debug|Any CPU
		{8B0B65C2-5D7A-4195-9BF6-6DE6EBA49627}.Debug|x64.Build.0 = Debug|Any CPU
		{8B0B65C2-5D7A-4195-9BF6-6DE6EBA49627}.Debug|x86.ActiveCfg = Debug|Any CPU
		{8B0B65C2-5D7A-4195-9BF6-6DE6EBA49627}.Debug|x86.Build.0 = Debug|Any CPU
		{8B0B65C2-5D7A-4195-9BF6-6DE6EBA49627}.Release|Any CPU.ActiveCfg = Release|Any CPU
		{8B0B65C2-5D7A-4195-9BF6-6DE6EBA49627}.Release|Any CPU.Build.0 = Release|Any CPU
		{8B0B65C2-5D7A-4195-9BF6-6DE6EBA49627}.Release|x64.ActiveCfg = Release|Any CPU
		{8B0B65C2-5D7A-4195-9BF6-6DE6EBA49627}.Release|x64.Build.0 = Release|Any CPU
		{8B0B65C2-5D7A-4195-9BF6-6DE6EBA49627}.Release|x86.ActiveCfg = Release|Any CPU
		{8B0B65C2-5D7A-4195-9BF6-6DE6EBA49627}.Release|x86.Build.0 = Release|Any CPU
		{3D4913E7-0434-48CD-AED8-560AD41D01DC}.Debug|Any CPU.ActiveCfg = Debug|Any CPU
		{3D4913E7-0434-48CD-AED8-560AD41D01DC}.Debug|Any CPU.Build.0 = Debug|Any CPU
		{3D4913E7-0434-48CD-AED8-560AD41D01DC}.Debug|x64.ActiveCfg = Debug|Any CPU
		{3D4913E7-0434-48CD-AED8-560AD41D01DC}.Debug|x64.Build.0 = Debug|Any CPU
		{3D4913E7-0434-48CD-AED8-560AD41D01DC}.Debug|x86.ActiveCfg = Debug|Any CPU
		{3D4913E7-0434-48CD-AED8-560AD41D01DC}.Debug|x86.Build.0 = Debug|Any CPU
		{3D4913E7-0434-48CD-AED8-560AD41D01DC}.Release|Any CPU.ActiveCfg = Release|Any CPU
		{3D4913E7-0434-48CD-AED8-560AD41D01DC}.Release|Any CPU.Build.0 = Release|Any CPU
		{3D4913E7-0434-48CD-AED8-560AD41D01DC}.Release|x64.ActiveCfg = Release|Any CPU
		{3D4913E7-0434-48CD-AED8-560AD41D01DC}.Release|x64.Build.0 = Release|Any CPU
		{3D4913E7-0434-48CD-AED8-560AD41D01DC}.Release|x86.ActiveCfg = Release|Any CPU
		{3D4913E7-0434-48CD-AED8-560AD41D01DC}.Release|x86.Build.0 = Release|Any CPU
	EndGlobalSection
EndGlobal
