
Microsoft Visual Studio Solution File, Format Version 12.00
# Visual Studio Version 16
VisualStudioVersion = 16.0.30114.105
MinimumVisualStudioVersion = 10.0.40219.1
Project("{FAE04EC0-301F-11D3-BF4B-00C04F79EFBC}") = "Penguin.Cms.Web.Files.Local", "Penguin.Cms.Web.Files.Local.csproj", "{9917043D-ACEB-493A-B503-22C1B2B5F139}"
EndProject
Project("{FAE04EC0-301F-11D3-BF4B-00C04F79EFBC}") = "Penguin.Web.Data.Local", "..\Penguin.Web.Data\Penguin.Web.Data.Local.csproj", "{9E713C8C-B728-47FD-88F7-FAA23A9139D8}"
EndProject
Project("{FAE04EC0-301F-11D3-BF4B-00C04F79EFBC}") = "Penguin.Email.Templating.Abstractions.Local", "..\Penguin.Email.Templating.Abstractions\Penguin.Email.Templating.Abstractions.Local.csproj", "{B2FD85E3-5AA7-4A0B-B9B2-F6C1FC3C153E}"
EndProject
Project("{FAE04EC0-301F-11D3-BF4B-00C04F79EFBC}") = "Penguin.Email.Abstractions.Local", "..\Penguin.Email.Abstractions\Penguin.Email.Abstractions.Local.csproj", "{7FE0A5FE-4B98-4EA1-B2D8-88BE635CD709}"
EndProject
Project("{FAE04EC0-301F-11D3-BF4B-00C04F79EFBC}") = "Penguin.Files.Abstractions.Local", "..\Penguin.Files.Abstractions\Penguin.Files.Abstractions.Local.csproj", "{11CBF265-D02B-400C-A505-7A18846BF143}"
EndProject
Project("{FAE04EC0-301F-11D3-BF4B-00C04F79EFBC}") = "Penguin.Templating.Abstractions.Local", "..\Penguin.Templating.Abstractions\Penguin.Templating.Abstractions.Local.csproj", "{634DE43C-F75B-4BE0-9436-3F5E99BCB893}"
EndProject
Project("{FAE04EC0-301F-11D3-BF4B-00C04F79EFBC}") = "Penguin.Web.Abstractions.Local", "..\Penguin.Web.Abstractions\Penguin.Web.Abstractions.Local.csproj", "{98DC5CF2-CC2B-4F15-94FE-E645A52AAD72}"
EndProject
Project("{FAE04EC0-301F-11D3-BF4B-00C04F79EFBC}") = "Penguin.Messaging.Application.Local", "..\Penguin.Messaging.Application\Penguin.Messaging.Application.Local.csproj", "{5252B8FD-70AF-45FC-B72C-C650B16CA4F6}"
EndProject
Project("{FAE04EC0-301F-11D3-BF4B-00C04F79EFBC}") = "Penguin.Messaging.Core.Local", "..\Penguin.Messaging.Core\Penguin.Messaging.Core.Local.csproj", "{E36C3337-462E-4A13-A2E6-4EC7B491A5C5}"
EndProject
Project("{FAE04EC0-301F-11D3-BF4B-00C04F79EFBC}") = "Penguin.Messaging.Abstractions.Local", "..\Penguin.Messaging.Abstractions\Penguin.Messaging.Abstractions.Local.csproj", "{CC93042D-D00D-4E73-976C-D35C52580794}"
EndProject
Project("{FAE04EC0-301F-11D3-BF4B-00C04F79EFBC}") = "Penguin.Debugging.Local", "..\Penguin.Debugging\Penguin.Debugging.Local.csproj", "{5EA25D6B-CC50-45AD-8228-5431D3C32509}"
EndProject
Project("{FAE04EC0-301F-11D3-BF4B-00C04F79EFBC}") = "Penguin.Extensions.Exceptions.Local", "..\Penguin.Extensions.Exceptions\Penguin.Extensions.Exceptions.Local.csproj", "{4CD01655-29BB-4B76-A624-8C49CF89AD92}"
EndProject
Project("{FAE04EC0-301F-11D3-BF4B-00C04F79EFBC}") = "Penguin.Cms.Files.Repositories.Local", "..\Penguin.Cms.Files.Repositories\Penguin.Cms.Files.Repositories.Local.csproj", "{5AB6060A-DE76-465D-A2CB-981E3982E1D3}"
EndProject
Project("{FAE04EC0-301F-11D3-BF4B-00C04F79EFBC}") = "Penguin.Cms.Files.Local", "..\Penguin.Cms.Files\Penguin.Cms.Files.Local.csproj", "{3B833015-D159-4582-88A2-C209D0EDB6D4}"
EndProject
Project("{FAE04EC0-301F-11D3-BF4B-00C04F79EFBC}") = "Penguin.Cms.Entities.Local", "..\Penguin.Cms.Entities\Penguin.Cms.Entities.Local.csproj", "{7CD586AD-417D-44B0-89D7-901091A683E7}"
EndProject
Project("{FAE04EC0-301F-11D3-BF4B-00C04F79EFBC}") = "Penguin.Persistence.Abstractions.Local", "..\Penguin.Persistence.Abstractions\Penguin.Persistence.Abstractions.Local.csproj", "{896AB836-C659-45AC-93E7-71E674836488}"
EndProject
Project("{FAE04EC0-301F-11D3-BF4B-00C04F79EFBC}") = "Penguin.Entities.Abstractions.Local", "..\Penguin.Entities.Abstractions\Penguin.Entities.Abstractions.Local.csproj", "{65F99436-CAC5-44A0-B282-D0A433F40429}"
EndProject
Project("{FAE04EC0-301F-11D3-BF4B-00C04F79EFBC}") = "Penguin.Reflection.Extensions.Local", "..\Penguin.Reflection.Extensions\Penguin.Reflection.Extensions.Local.csproj", "{8113CC0C-73C6-4E7C-AC72-69123A19E76C}"
EndProject
Project("{FAE04EC0-301F-11D3-BF4B-00C04F79EFBC}") = "Penguin.Reflection.Abstractions.Local", "..\Penguin.Reflection.Abstractions\Penguin.Reflection.Abstractions.Local.csproj", "{4A62E65B-E080-40DE-88AD-20D2532B106A}"
EndProject
Project("{FAE04EC0-301F-11D3-BF4B-00C04F79EFBC}") = "Penguin.Extensions.String.Local", "..\Penguin.Extensions.String\Penguin.Extensions.String.Local.csproj", "{E3E232F3-CBA6-46EB-80AC-BAC355DFB9B0}"
EndProject
Project("{FAE04EC0-301F-11D3-BF4B-00C04F79EFBC}") = "Penguin.Files.Local", "..\Penguin.Files\Penguin.Files.Local.csproj", "{256CD9C8-C834-4EE4-B66C-B667FD9CFD9C}"
EndProject
Project("{FAE04EC0-301F-11D3-BF4B-00C04F79EFBC}") = "Penguin.DependencyInjection.Abstractions.Local", "..\Penguin.DependencyInjection.Abstractions\Penguin.DependencyInjection.Abstractions.Local.csproj", "{9FA93979-88AF-4FF8-A2EF-8DD869FF997C}"
EndProject
Project("{FAE04EC0-301F-11D3-BF4B-00C04F79EFBC}") = "Penguin.Security.Abstractions.Local", "..\Penguin.Security.Abstractions\Penguin.Security.Abstractions.Local.csproj", "{4E37C702-2D0C-4EE2-A9F4-118A47D3134C}"
EndProject
Project("{FAE04EC0-301F-11D3-BF4B-00C04F79EFBC}") = "Penguin.Configuration.Abstractions.Local", "..\Penguin.Configuration.Abstractions\Penguin.Configuration.Abstractions.Local.csproj", "{B63FA981-086C-4E83-B915-47FDA6ED782E}"
EndProject
Project("{FAE04EC0-301F-11D3-BF4B-00C04F79EFBC}") = "Penguin.Cms.Repositories.Local", "..\Penguin.Cms.Repositories\Penguin.Cms.Repositories.Local.csproj", "{0B0DD25B-5BB7-451F-A361-513B44C49167}"
EndProject
Project("{FAE04EC0-301F-11D3-BF4B-00C04F79EFBC}") = "Penguin.Persistence.Repositories.Local", "..\Penguin.Persistence.Repositories\Penguin.Persistence.Repositories.Local.csproj", "{D70A079E-5434-43C2-AC22-1C50423CB2AC}"
EndProject
Project("{FAE04EC0-301F-11D3-BF4B-00C04F79EFBC}") = "Penguin.Messaging.Persistence.Local", "..\Penguin.Messaging.Persistence\Penguin.Messaging.Persistence.Local.csproj", "{1A23D5BE-FBDF-49D3-B72C-ED6A5818011E}"
EndProject
Project("{FAE04EC0-301F-11D3-BF4B-00C04F79EFBC}") = "Penguin.Reflection.Local", "..\Penguin.Reflection\Penguin.Reflection.Local.csproj", "{1630BDEB-B34D-4898-88ED-AD49E363054F}"
EndProject
Global
	GlobalSection(SolutionConfigurationPlatforms) = preSolution
		Debug|Any CPU = Debug|Any CPU
		Debug|x64 = Debug|x64
		Debug|x86 = Debug|x86
		Release|Any CPU = Release|Any CPU
		Release|x64 = Release|x64
		Release|x86 = Release|x86
	EndGlobalSection
	GlobalSection(SolutionProperties) = preSolution
		HideSolutionNode = FALSE
	EndGlobalSection
	GlobalSection(ProjectConfigurationPlatforms) = postSolution
		{9917043D-ACEB-493A-B503-22C1B2B5F139}.Debug|Any CPU.ActiveCfg = Debug|Any CPU
		{9917043D-ACEB-493A-B503-22C1B2B5F139}.Debug|Any CPU.Build.0 = Debug|Any CPU
		{9917043D-ACEB-493A-B503-22C1B2B5F139}.Debug|x64.ActiveCfg = Debug|Any CPU
		{9917043D-ACEB-493A-B503-22C1B2B5F139}.Debug|x64.Build.0 = Debug|Any CPU
		{9917043D-ACEB-493A-B503-22C1B2B5F139}.Debug|x86.ActiveCfg = Debug|Any CPU
		{9917043D-ACEB-493A-B503-22C1B2B5F139}.Debug|x86.Build.0 = Debug|Any CPU
		{9917043D-ACEB-493A-B503-22C1B2B5F139}.Release|Any CPU.ActiveCfg = Release|Any CPU
		{9917043D-ACEB-493A-B503-22C1B2B5F139}.Release|Any CPU.Build.0 = Release|Any CPU
		{9917043D-ACEB-493A-B503-22C1B2B5F139}.Release|x64.ActiveCfg = Release|Any CPU
		{9917043D-ACEB-493A-B503-22C1B2B5F139}.Release|x64.Build.0 = Release|Any CPU
		{9917043D-ACEB-493A-B503-22C1B2B5F139}.Release|x86.ActiveCfg = Release|Any CPU
		{9917043D-ACEB-493A-B503-22C1B2B5F139}.Release|x86.Build.0 = Release|Any CPU
		{9E713C8C-B728-47FD-88F7-FAA23A9139D8}.Debug|Any CPU.ActiveCfg = Debug|Any CPU
		{9E713C8C-B728-47FD-88F7-FAA23A9139D8}.Debug|Any CPU.Build.0 = Debug|Any CPU
		{9E713C8C-B728-47FD-88F7-FAA23A9139D8}.Debug|x64.ActiveCfg = Debug|Any CPU
		{9E713C8C-B728-47FD-88F7-FAA23A9139D8}.Debug|x64.Build.0 = Debug|Any CPU
		{9E713C8C-B728-47FD-88F7-FAA23A9139D8}.Debug|x86.ActiveCfg = Debug|Any CPU
		{9E713C8C-B728-47FD-88F7-FAA23A9139D8}.Debug|x86.Build.0 = Debug|Any CPU
		{9E713C8C-B728-47FD-88F7-FAA23A9139D8}.Release|Any CPU.ActiveCfg = Release|Any CPU
		{9E713C8C-B728-47FD-88F7-FAA23A9139D8}.Release|Any CPU.Build.0 = Release|Any CPU
		{9E713C8C-B728-47FD-88F7-FAA23A9139D8}.Release|x64.ActiveCfg = Release|Any CPU
		{9E713C8C-B728-47FD-88F7-FAA23A9139D8}.Release|x64.Build.0 = Release|Any CPU
		{9E713C8C-B728-47FD-88F7-FAA23A9139D8}.Release|x86.ActiveCfg = Release|Any CPU
		{9E713C8C-B728-47FD-88F7-FAA23A9139D8}.Release|x86.Build.0 = Release|Any CPU
		{B2FD85E3-5AA7-4A0B-B9B2-F6C1FC3C153E}.Debug|Any CPU.ActiveCfg = Debug|Any CPU
		{B2FD85E3-5AA7-4A0B-B9B2-F6C1FC3C153E}.Debug|Any CPU.Build.0 = Debug|Any CPU
		{B2FD85E3-5AA7-4A0B-B9B2-F6C1FC3C153E}.Debug|x64.ActiveCfg = Debug|Any CPU
		{B2FD85E3-5AA7-4A0B-B9B2-F6C1FC3C153E}.Debug|x64.Build.0 = Debug|Any CPU
		{B2FD85E3-5AA7-4A0B-B9B2-F6C1FC3C153E}.Debug|x86.ActiveCfg = Debug|Any CPU
		{B2FD85E3-5AA7-4A0B-B9B2-F6C1FC3C153E}.Debug|x86.Build.0 = Debug|Any CPU
		{B2FD85E3-5AA7-4A0B-B9B2-F6C1FC3C153E}.Release|Any CPU.ActiveCfg = Release|Any CPU
		{B2FD85E3-5AA7-4A0B-B9B2-F6C1FC3C153E}.Release|Any CPU.Build.0 = Release|Any CPU
		{B2FD85E3-5AA7-4A0B-B9B2-F6C1FC3C153E}.Release|x64.ActiveCfg = Release|Any CPU
		{B2FD85E3-5AA7-4A0B-B9B2-F6C1FC3C153E}.Release|x64.Build.0 = Release|Any CPU
		{B2FD85E3-5AA7-4A0B-B9B2-F6C1FC3C153E}.Release|x86.ActiveCfg = Release|Any CPU
		{B2FD85E3-5AA7-4A0B-B9B2-F6C1FC3C153E}.Release|x86.Build.0 = Release|Any CPU
		{7FE0A5FE-4B98-4EA1-B2D8-88BE635CD709}.Debug|Any CPU.ActiveCfg = Debug|Any CPU
		{7FE0A5FE-4B98-4EA1-B2D8-88BE635CD709}.Debug|Any CPU.Build.0 = Debug|Any CPU
		{7FE0A5FE-4B98-4EA1-B2D8-88BE635CD709}.Debug|x64.ActiveCfg = Debug|Any CPU
		{7FE0A5FE-4B98-4EA1-B2D8-88BE635CD709}.Debug|x64.Build.0 = Debug|Any CPU
		{7FE0A5FE-4B98-4EA1-B2D8-88BE635CD709}.Debug|x86.ActiveCfg = Debug|Any CPU
		{7FE0A5FE-4B98-4EA1-B2D8-88BE635CD709}.Debug|x86.Build.0 = Debug|Any CPU
		{7FE0A5FE-4B98-4EA1-B2D8-88BE635CD709}.Release|Any CPU.ActiveCfg = Release|Any CPU
		{7FE0A5FE-4B98-4EA1-B2D8-88BE635CD709}.Release|Any CPU.Build.0 = Release|Any CPU
		{7FE0A5FE-4B98-4EA1-B2D8-88BE635CD709}.Release|x64.ActiveCfg = Release|Any CPU
		{7FE0A5FE-4B98-4EA1-B2D8-88BE635CD709}.Release|x64.Build.0 = Release|Any CPU
		{7FE0A5FE-4B98-4EA1-B2D8-88BE635CD709}.Release|x86.ActiveCfg = Release|Any CPU
		{7FE0A5FE-4B98-4EA1-B2D8-88BE635CD709}.Release|x86.Build.0 = Release|Any CPU
		{11CBF265-D02B-400C-A505-7A18846BF143}.Debug|Any CPU.ActiveCfg = Debug|Any CPU
		{11CBF265-D02B-400C-A505-7A18846BF143}.Debug|Any CPU.Build.0 = Debug|Any CPU
		{11CBF265-D02B-400C-A505-7A18846BF143}.Debug|x64.ActiveCfg = Debug|Any CPU
		{11CBF265-D02B-400C-A505-7A18846BF143}.Debug|x64.Build.0 = Debug|Any CPU
		{11CBF265-D02B-400C-A505-7A18846BF143}.Debug|x86.ActiveCfg = Debug|Any CPU
		{11CBF265-D02B-400C-A505-7A18846BF143}.Debug|x86.Build.0 = Debug|Any CPU
		{11CBF265-D02B-400C-A505-7A18846BF143}.Release|Any CPU.ActiveCfg = Release|Any CPU
		{11CBF265-D02B-400C-A505-7A18846BF143}.Release|Any CPU.Build.0 = Release|Any CPU
		{11CBF265-D02B-400C-A505-7A18846BF143}.Release|x64.ActiveCfg = Release|Any CPU
		{11CBF265-D02B-400C-A505-7A18846BF143}.Release|x64.Build.0 = Release|Any CPU
		{11CBF265-D02B-400C-A505-7A18846BF143}.Release|x86.ActiveCfg = Release|Any CPU
		{11CBF265-D02B-400C-A505-7A18846BF143}.Release|x86.Build.0 = Release|Any CPU
		{634DE43C-F75B-4BE0-9436-3F5E99BCB893}.Debug|Any CPU.ActiveCfg = Debug|Any CPU
		{634DE43C-F75B-4BE0-9436-3F5E99BCB893}.Debug|Any CPU.Build.0 = Debug|Any CPU
		{634DE43C-F75B-4BE0-9436-3F5E99BCB893}.Debug|x64.ActiveCfg = Debug|Any CPU
		{634DE43C-F75B-4BE0-9436-3F5E99BCB893}.Debug|x64.Build.0 = Debug|Any CPU
		{634DE43C-F75B-4BE0-9436-3F5E99BCB893}.Debug|x86.ActiveCfg = Debug|Any CPU
		{634DE43C-F75B-4BE0-9436-3F5E99BCB893}.Debug|x86.Build.0 = Debug|Any CPU
		{634DE43C-F75B-4BE0-9436-3F5E99BCB893}.Release|Any CPU.ActiveCfg = Release|Any CPU
		{634DE43C-F75B-4BE0-9436-3F5E99BCB893}.Release|Any CPU.Build.0 = Release|Any CPU
		{634DE43C-F75B-4BE0-9436-3F5E99BCB893}.Release|x64.ActiveCfg = Release|Any CPU
		{634DE43C-F75B-4BE0-9436-3F5E99BCB893}.Release|x64.Build.0 = Release|Any CPU
		{634DE43C-F75B-4BE0-9436-3F5E99BCB893}.Release|x86.ActiveCfg = Release|Any CPU
		{634DE43C-F75B-4BE0-9436-3F5E99BCB893}.Release|x86.Build.0 = Release|Any CPU
		{98DC5CF2-CC2B-4F15-94FE-E645A52AAD72}.Debug|Any CPU.ActiveCfg = Debug|Any CPU
		{98DC5CF2-CC2B-4F15-94FE-E645A52AAD72}.Debug|Any CPU.Build.0 = Debug|Any CPU
		{98DC5CF2-CC2B-4F15-94FE-E645A52AAD72}.Debug|x64.ActiveCfg = Debug|Any CPU
		{98DC5CF2-CC2B-4F15-94FE-E645A52AAD72}.Debug|x64.Build.0 = Debug|Any CPU
		{98DC5CF2-CC2B-4F15-94FE-E645A52AAD72}.Debug|x86.ActiveCfg = Debug|Any CPU
		{98DC5CF2-CC2B-4F15-94FE-E645A52AAD72}.Debug|x86.Build.0 = Debug|Any CPU
		{98DC5CF2-CC2B-4F15-94FE-E645A52AAD72}.Release|Any CPU.ActiveCfg = Release|Any CPU
		{98DC5CF2-CC2B-4F15-94FE-E645A52AAD72}.Release|Any CPU.Build.0 = Release|Any CPU
		{98DC5CF2-CC2B-4F15-94FE-E645A52AAD72}.Release|x64.ActiveCfg = Release|Any CPU
		{98DC5CF2-CC2B-4F15-94FE-E645A52AAD72}.Release|x64.Build.0 = Release|Any CPU
		{98DC5CF2-CC2B-4F15-94FE-E645A52AAD72}.Release|x86.ActiveCfg = Release|Any CPU
		{98DC5CF2-CC2B-4F15-94FE-E645A52AAD72}.Release|x86.Build.0 = Release|Any CPU
		{5252B8FD-70AF-45FC-B72C-C650B16CA4F6}.Debug|Any CPU.ActiveCfg = Debug|Any CPU
		{5252B8FD-70AF-45FC-B72C-C650B16CA4F6}.Debug|Any CPU.Build.0 = Debug|Any CPU
		{5252B8FD-70AF-45FC-B72C-C650B16CA4F6}.Debug|x64.ActiveCfg = Debug|Any CPU
		{5252B8FD-70AF-45FC-B72C-C650B16CA4F6}.Debug|x64.Build.0 = Debug|Any CPU
		{5252B8FD-70AF-45FC-B72C-C650B16CA4F6}.Debug|x86.ActiveCfg = Debug|Any CPU
		{5252B8FD-70AF-45FC-B72C-C650B16CA4F6}.Debug|x86.Build.0 = Debug|Any CPU
		{5252B8FD-70AF-45FC-B72C-C650B16CA4F6}.Release|Any CPU.ActiveCfg = Release|Any CPU
		{5252B8FD-70AF-45FC-B72C-C650B16CA4F6}.Release|Any CPU.Build.0 = Release|Any CPU
		{5252B8FD-70AF-45FC-B72C-C650B16CA4F6}.Release|x64.ActiveCfg = Release|Any CPU
		{5252B8FD-70AF-45FC-B72C-C650B16CA4F6}.Release|x64.Build.0 = Release|Any CPU
		{5252B8FD-70AF-45FC-B72C-C650B16CA4F6}.Release|x86.ActiveCfg = Release|Any CPU
		{5252B8FD-70AF-45FC-B72C-C650B16CA4F6}.Release|x86.Build.0 = Release|Any CPU
		{E36C3337-462E-4A13-A2E6-4EC7B491A5C5}.Debug|Any CPU.ActiveCfg = Debug|Any CPU
		{E36C3337-462E-4A13-A2E6-4EC7B491A5C5}.Debug|Any CPU.Build.0 = Debug|Any CPU
		{E36C3337-462E-4A13-A2E6-4EC7B491A5C5}.Debug|x64.ActiveCfg = Debug|Any CPU
		{E36C3337-462E-4A13-A2E6-4EC7B491A5C5}.Debug|x64.Build.0 = Debug|Any CPU
		{E36C3337-462E-4A13-A2E6-4EC7B491A5C5}.Debug|x86.ActiveCfg = Debug|Any CPU
		{E36C3337-462E-4A13-A2E6-4EC7B491A5C5}.Debug|x86.Build.0 = Debug|Any CPU
		{E36C3337-462E-4A13-A2E6-4EC7B491A5C5}.Release|Any CPU.ActiveCfg = Release|Any CPU
		{E36C3337-462E-4A13-A2E6-4EC7B491A5C5}.Release|Any CPU.Build.0 = Release|Any CPU
		{E36C3337-462E-4A13-A2E6-4EC7B491A5C5}.Release|x64.ActiveCfg = Release|Any CPU
		{E36C3337-462E-4A13-A2E6-4EC7B491A5C5}.Release|x64.Build.0 = Release|Any CPU
		{E36C3337-462E-4A13-A2E6-4EC7B491A5C5}.Release|x86.ActiveCfg = Release|Any CPU
		{E36C3337-462E-4A13-A2E6-4EC7B491A5C5}.Release|x86.Build.0 = Release|Any CPU
		{CC93042D-D00D-4E73-976C-D35C52580794}.Debug|Any CPU.ActiveCfg = Debug|Any CPU
		{CC93042D-D00D-4E73-976C-D35C52580794}.Debug|Any CPU.Build.0 = Debug|Any CPU
		{CC93042D-D00D-4E73-976C-D35C52580794}.Debug|x64.ActiveCfg = Debug|Any CPU
		{CC93042D-D00D-4E73-976C-D35C52580794}.Debug|x64.Build.0 = Debug|Any CPU
		{CC93042D-D00D-4E73-976C-D35C52580794}.Debug|x86.ActiveCfg = Debug|Any CPU
		{CC93042D-D00D-4E73-976C-D35C52580794}.Debug|x86.Build.0 = Debug|Any CPU
		{CC93042D-D00D-4E73-976C-D35C52580794}.Release|Any CPU.ActiveCfg = Release|Any CPU
		{CC93042D-D00D-4E73-976C-D35C52580794}.Release|Any CPU.Build.0 = Release|Any CPU
		{CC93042D-D00D-4E73-976C-D35C52580794}.Release|x64.ActiveCfg = Release|Any CPU
		{CC93042D-D00D-4E73-976C-D35C52580794}.Release|x64.Build.0 = Release|Any CPU
		{CC93042D-D00D-4E73-976C-D35C52580794}.Release|x86.ActiveCfg = Release|Any CPU
		{CC93042D-D00D-4E73-976C-D35C52580794}.Release|x86.Build.0 = Release|Any CPU
		{5EA25D6B-CC50-45AD-8228-5431D3C32509}.Debug|Any CPU.ActiveCfg = Debug|Any CPU
		{5EA25D6B-CC50-45AD-8228-5431D3C32509}.Debug|Any CPU.Build.0 = Debug|Any CPU
		{5EA25D6B-CC50-45AD-8228-5431D3C32509}.Debug|x64.ActiveCfg = Debug|Any CPU
		{5EA25D6B-CC50-45AD-8228-5431D3C32509}.Debug|x64.Build.0 = Debug|Any CPU
		{5EA25D6B-CC50-45AD-8228-5431D3C32509}.Debug|x86.ActiveCfg = Debug|Any CPU
		{5EA25D6B-CC50-45AD-8228-5431D3C32509}.Debug|x86.Build.0 = Debug|Any CPU
		{5EA25D6B-CC50-45AD-8228-5431D3C32509}.Release|Any CPU.ActiveCfg = Release|Any CPU
		{5EA25D6B-CC50-45AD-8228-5431D3C32509}.Release|Any CPU.Build.0 = Release|Any CPU
		{5EA25D6B-CC50-45AD-8228-5431D3C32509}.Release|x64.ActiveCfg = Release|Any CPU
		{5EA25D6B-CC50-45AD-8228-5431D3C32509}.Release|x64.Build.0 = Release|Any CPU
		{5EA25D6B-CC50-45AD-8228-5431D3C32509}.Release|x86.ActiveCfg = Release|Any CPU
		{5EA25D6B-CC50-45AD-8228-5431D3C32509}.Release|x86.Build.0 = Release|Any CPU
		{4CD01655-29BB-4B76-A624-8C49CF89AD92}.Debug|Any CPU.ActiveCfg = Debug|Any CPU
		{4CD01655-29BB-4B76-A624-8C49CF89AD92}.Debug|Any CPU.Build.0 = Debug|Any CPU
		{4CD01655-29BB-4B76-A624-8C49CF89AD92}.Debug|x64.ActiveCfg = Debug|Any CPU
		{4CD01655-29BB-4B76-A624-8C49CF89AD92}.Debug|x64.Build.0 = Debug|Any CPU
		{4CD01655-29BB-4B76-A624-8C49CF89AD92}.Debug|x86.ActiveCfg = Debug|Any CPU
		{4CD01655-29BB-4B76-A624-8C49CF89AD92}.Debug|x86.Build.0 = Debug|Any CPU
		{4CD01655-29BB-4B76-A624-8C49CF89AD92}.Release|Any CPU.ActiveCfg = Release|Any CPU
		{4CD01655-29BB-4B76-A624-8C49CF89AD92}.Release|Any CPU.Build.0 = Release|Any CPU
		{4CD01655-29BB-4B76-A624-8C49CF89AD92}.Release|x64.ActiveCfg = Release|Any CPU
		{4CD01655-29BB-4B76-A624-8C49CF89AD92}.Release|x64.Build.0 = Release|Any CPU
		{4CD01655-29BB-4B76-A624-8C49CF89AD92}.Release|x86.ActiveCfg = Release|Any CPU
		{4CD01655-29BB-4B76-A624-8C49CF89AD92}.Release|x86.Build.0 = Release|Any CPU
		{5AB6060A-DE76-465D-A2CB-981E3982E1D3}.Debug|Any CPU.ActiveCfg = Debug|Any CPU
		{5AB6060A-DE76-465D-A2CB-981E3982E1D3}.Debug|Any CPU.Build.0 = Debug|Any CPU
		{5AB6060A-DE76-465D-A2CB-981E3982E1D3}.Debug|x64.ActiveCfg = Debug|Any CPU
		{5AB6060A-DE76-465D-A2CB-981E3982E1D3}.Debug|x64.Build.0 = Debug|Any CPU
		{5AB6060A-DE76-465D-A2CB-981E3982E1D3}.Debug|x86.ActiveCfg = Debug|Any CPU
		{5AB6060A-DE76-465D-A2CB-981E3982E1D3}.Debug|x86.Build.0 = Debug|Any CPU
		{5AB6060A-DE76-465D-A2CB-981E3982E1D3}.Release|Any CPU.ActiveCfg = Release|Any CPU
		{5AB6060A-DE76-465D-A2CB-981E3982E1D3}.Release|Any CPU.Build.0 = Release|Any CPU
		{5AB6060A-DE76-465D-A2CB-981E3982E1D3}.Release|x64.ActiveCfg = Release|Any CPU
		{5AB6060A-DE76-465D-A2CB-981E3982E1D3}.Release|x64.Build.0 = Release|Any CPU
		{5AB6060A-DE76-465D-A2CB-981E3982E1D3}.Release|x86.ActiveCfg = Release|Any CPU
		{5AB6060A-DE76-465D-A2CB-981E3982E1D3}.Release|x86.Build.0 = Release|Any CPU
		{3B833015-D159-4582-88A2-C209D0EDB6D4}.Debug|Any CPU.ActiveCfg = Debug|Any CPU
		{3B833015-D159-4582-88A2-C209D0EDB6D4}.Debug|Any CPU.Build.0 = Debug|Any CPU
		{3B833015-D159-4582-88A2-C209D0EDB6D4}.Debug|x64.ActiveCfg = Debug|Any CPU
		{3B833015-D159-4582-88A2-C209D0EDB6D4}.Debug|x64.Build.0 = Debug|Any CPU
		{3B833015-D159-4582-88A2-C209D0EDB6D4}.Debug|x86.ActiveCfg = Debug|Any CPU
		{3B833015-D159-4582-88A2-C209D0EDB6D4}.Debug|x86.Build.0 = Debug|Any CPU
		{3B833015-D159-4582-88A2-C209D0EDB6D4}.Release|Any CPU.ActiveCfg = Release|Any CPU
		{3B833015-D159-4582-88A2-C209D0EDB6D4}.Release|Any CPU.Build.0 = Release|Any CPU
		{3B833015-D159-4582-88A2-C209D0EDB6D4}.Release|x64.ActiveCfg = Release|Any CPU
		{3B833015-D159-4582-88A2-C209D0EDB6D4}.Release|x64.Build.0 = Release|Any CPU
		{3B833015-D159-4582-88A2-C209D0EDB6D4}.Release|x86.ActiveCfg = Release|Any CPU
		{3B833015-D159-4582-88A2-C209D0EDB6D4}.Release|x86.Build.0 = Release|Any CPU
		{7CD586AD-417D-44B0-89D7-901091A683E7}.Debug|Any CPU.ActiveCfg = Debug|Any CPU
		{7CD586AD-417D-44B0-89D7-901091A683E7}.Debug|Any CPU.Build.0 = Debug|Any CPU
		{7CD586AD-417D-44B0-89D7-901091A683E7}.Debug|x64.ActiveCfg = Debug|Any CPU
		{7CD586AD-417D-44B0-89D7-901091A683E7}.Debug|x64.Build.0 = Debug|Any CPU
		{7CD586AD-417D-44B0-89D7-901091A683E7}.Debug|x86.ActiveCfg = Debug|Any CPU
		{7CD586AD-417D-44B0-89D7-901091A683E7}.Debug|x86.Build.0 = Debug|Any CPU
		{7CD586AD-417D-44B0-89D7-901091A683E7}.Release|Any CPU.ActiveCfg = Release|Any CPU
		{7CD586AD-417D-44B0-89D7-901091A683E7}.Release|Any CPU.Build.0 = Release|Any CPU
		{7CD586AD-417D-44B0-89D7-901091A683E7}.Release|x64.ActiveCfg = Release|Any CPU
		{7CD586AD-417D-44B0-89D7-901091A683E7}.Release|x64.Build.0 = Release|Any CPU
		{7CD586AD-417D-44B0-89D7-901091A683E7}.Release|x86.ActiveCfg = Release|Any CPU
		{7CD586AD-417D-44B0-89D7-901091A683E7}.Release|x86.Build.0 = Release|Any CPU
		{896AB836-C659-45AC-93E7-71E674836488}.Debug|Any CPU.ActiveCfg = Debug|Any CPU
		{896AB836-C659-45AC-93E7-71E674836488}.Debug|Any CPU.Build.0 = Debug|Any CPU
		{896AB836-C659-45AC-93E7-71E674836488}.Debug|x64.ActiveCfg = Debug|Any CPU
		{896AB836-C659-45AC-93E7-71E674836488}.Debug|x64.Build.0 = Debug|Any CPU
		{896AB836-C659-45AC-93E7-71E674836488}.Debug|x86.ActiveCfg = Debug|Any CPU
		{896AB836-C659-45AC-93E7-71E674836488}.Debug|x86.Build.0 = Debug|Any CPU
		{896AB836-C659-45AC-93E7-71E674836488}.Release|Any CPU.ActiveCfg = Release|Any CPU
		{896AB836-C659-45AC-93E7-71E674836488}.Release|Any CPU.Build.0 = Release|Any CPU
		{896AB836-C659-45AC-93E7-71E674836488}.Release|x64.ActiveCfg = Release|Any CPU
		{896AB836-C659-45AC-93E7-71E674836488}.Release|x64.Build.0 = Release|Any CPU
		{896AB836-C659-45AC-93E7-71E674836488}.Release|x86.ActiveCfg = Release|Any CPU
		{896AB836-C659-45AC-93E7-71E674836488}.Release|x86.Build.0 = Release|Any CPU
		{65F99436-CAC5-44A0-B282-D0A433F40429}.Debug|Any CPU.ActiveCfg = Debug|Any CPU
		{65F99436-CAC5-44A0-B282-D0A433F40429}.Debug|Any CPU.Build.0 = Debug|Any CPU
		{65F99436-CAC5-44A0-B282-D0A433F40429}.Debug|x64.ActiveCfg = Debug|Any CPU
		{65F99436-CAC5-44A0-B282-D0A433F40429}.Debug|x64.Build.0 = Debug|Any CPU
		{65F99436-CAC5-44A0-B282-D0A433F40429}.Debug|x86.ActiveCfg = Debug|Any CPU
		{65F99436-CAC5-44A0-B282-D0A433F40429}.Debug|x86.Build.0 = Debug|Any CPU
		{65F99436-CAC5-44A0-B282-D0A433F40429}.Release|Any CPU.ActiveCfg = Release|Any CPU
		{65F99436-CAC5-44A0-B282-D0A433F40429}.Release|Any CPU.Build.0 = Release|Any CPU
		{65F99436-CAC5-44A0-B282-D0A433F40429}.Release|x64.ActiveCfg = Release|Any CPU
		{65F99436-CAC5-44A0-B282-D0A433F40429}.Release|x64.Build.0 = Release|Any CPU
		{65F99436-CAC5-44A0-B282-D0A433F40429}.Release|x86.ActiveCfg = Release|Any CPU
		{65F99436-CAC5-44A0-B282-D0A433F40429}.Release|x86.Build.0 = Release|Any CPU
		{8113CC0C-73C6-4E7C-AC72-69123A19E76C}.Debug|Any CPU.ActiveCfg = Debug|Any CPU
		{8113CC0C-73C6-4E7C-AC72-69123A19E76C}.Debug|Any CPU.Build.0 = Debug|Any CPU
		{8113CC0C-73C6-4E7C-AC72-69123A19E76C}.Debug|x64.ActiveCfg = Debug|Any CPU
		{8113CC0C-73C6-4E7C-AC72-69123A19E76C}.Debug|x64.Build.0 = Debug|Any CPU
		{8113CC0C-73C6-4E7C-AC72-69123A19E76C}.Debug|x86.ActiveCfg = Debug|Any CPU
		{8113CC0C-73C6-4E7C-AC72-69123A19E76C}.Debug|x86.Build.0 = Debug|Any CPU
		{8113CC0C-73C6-4E7C-AC72-69123A19E76C}.Release|Any CPU.ActiveCfg = Release|Any CPU
		{8113CC0C-73C6-4E7C-AC72-69123A19E76C}.Release|Any CPU.Build.0 = Release|Any CPU
		{8113CC0C-73C6-4E7C-AC72-69123A19E76C}.Release|x64.ActiveCfg = Release|Any CPU
		{8113CC0C-73C6-4E7C-AC72-69123A19E76C}.Release|x64.Build.0 = Release|Any CPU
		{8113CC0C-73C6-4E7C-AC72-69123A19E76C}.Release|x86.ActiveCfg = Release|Any CPU
		{8113CC0C-73C6-4E7C-AC72-69123A19E76C}.Release|x86.Build.0 = Release|Any CPU
		{4A62E65B-E080-40DE-88AD-20D2532B106A}.Debug|Any CPU.ActiveCfg = Debug|Any CPU
		{4A62E65B-E080-40DE-88AD-20D2532B106A}.Debug|Any CPU.Build.0 = Debug|Any CPU
		{4A62E65B-E080-40DE-88AD-20D2532B106A}.Debug|x64.ActiveCfg = Debug|Any CPU
		{4A62E65B-E080-40DE-88AD-20D2532B106A}.Debug|x64.Build.0 = Debug|Any CPU
		{4A62E65B-E080-40DE-88AD-20D2532B106A}.Debug|x86.ActiveCfg = Debug|Any CPU
		{4A62E65B-E080-40DE-88AD-20D2532B106A}.Debug|x86.Build.0 = Debug|Any CPU
		{4A62E65B-E080-40DE-88AD-20D2532B106A}.Release|Any CPU.ActiveCfg = Release|Any CPU
		{4A62E65B-E080-40DE-88AD-20D2532B106A}.Release|Any CPU.Build.0 = Release|Any CPU
		{4A62E65B-E080-40DE-88AD-20D2532B106A}.Release|x64.ActiveCfg = Release|Any CPU
		{4A62E65B-E080-40DE-88AD-20D2532B106A}.Release|x64.Build.0 = Release|Any CPU
		{4A62E65B-E080-40DE-88AD-20D2532B106A}.Release|x86.ActiveCfg = Release|Any CPU
		{4A62E65B-E080-40DE-88AD-20D2532B106A}.Release|x86.Build.0 = Release|Any CPU
		{E3E232F3-CBA6-46EB-80AC-BAC355DFB9B0}.Debug|Any CPU.ActiveCfg = Debug|Any CPU
		{E3E232F3-CBA6-46EB-80AC-BAC355DFB9B0}.Debug|Any CPU.Build.0 = Debug|Any CPU
		{E3E232F3-CBA6-46EB-80AC-BAC355DFB9B0}.Debug|x64.ActiveCfg = Debug|Any CPU
		{E3E232F3-CBA6-46EB-80AC-BAC355DFB9B0}.Debug|x64.Build.0 = Debug|Any CPU
		{E3E232F3-CBA6-46EB-80AC-BAC355DFB9B0}.Debug|x86.ActiveCfg = Debug|Any CPU
		{E3E232F3-CBA6-46EB-80AC-BAC355DFB9B0}.Debug|x86.Build.0 = Debug|Any CPU
		{E3E232F3-CBA6-46EB-80AC-BAC355DFB9B0}.Release|Any CPU.ActiveCfg = Release|Any CPU
		{E3E232F3-CBA6-46EB-80AC-BAC355DFB9B0}.Release|Any CPU.Build.0 = Release|Any CPU
		{E3E232F3-CBA6-46EB-80AC-BAC355DFB9B0}.Release|x64.ActiveCfg = Release|Any CPU
		{E3E232F3-CBA6-46EB-80AC-BAC355DFB9B0}.Release|x64.Build.0 = Release|Any CPU
		{E3E232F3-CBA6-46EB-80AC-BAC355DFB9B0}.Release|x86.ActiveCfg = Release|Any CPU
		{E3E232F3-CBA6-46EB-80AC-BAC355DFB9B0}.Release|x86.Build.0 = Release|Any CPU
		{256CD9C8-C834-4EE4-B66C-B667FD9CFD9C}.Debug|Any CPU.ActiveCfg = Debug|Any CPU
		{256CD9C8-C834-4EE4-B66C-B667FD9CFD9C}.Debug|Any CPU.Build.0 = Debug|Any CPU
		{256CD9C8-C834-4EE4-B66C-B667FD9CFD9C}.Debug|x64.ActiveCfg = Debug|Any CPU
		{256CD9C8-C834-4EE4-B66C-B667FD9CFD9C}.Debug|x64.Build.0 = Debug|Any CPU
		{256CD9C8-C834-4EE4-B66C-B667FD9CFD9C}.Debug|x86.ActiveCfg = Debug|Any CPU
		{256CD9C8-C834-4EE4-B66C-B667FD9CFD9C}.Debug|x86.Build.0 = Debug|Any CPU
		{256CD9C8-C834-4EE4-B66C-B667FD9CFD9C}.Release|Any CPU.ActiveCfg = Release|Any CPU
		{256CD9C8-C834-4EE4-B66C-B667FD9CFD9C}.Release|Any CPU.Build.0 = Release|Any CPU
		{256CD9C8-C834-4EE4-B66C-B667FD9CFD9C}.Release|x64.ActiveCfg = Release|Any CPU
		{256CD9C8-C834-4EE4-B66C-B667FD9CFD9C}.Release|x64.Build.0 = Release|Any CPU
		{256CD9C8-C834-4EE4-B66C-B667FD9CFD9C}.Release|x86.ActiveCfg = Release|Any CPU
		{256CD9C8-C834-4EE4-B66C-B667FD9CFD9C}.Release|x86.Build.0 = Release|Any CPU
		{9FA93979-88AF-4FF8-A2EF-8DD869FF997C}.Debug|Any CPU.ActiveCfg = Debug|Any CPU
		{9FA93979-88AF-4FF8-A2EF-8DD869FF997C}.Debug|Any CPU.Build.0 = Debug|Any CPU
		{9FA93979-88AF-4FF8-A2EF-8DD869FF997C}.Debug|x64.ActiveCfg = Debug|Any CPU
		{9FA93979-88AF-4FF8-A2EF-8DD869FF997C}.Debug|x64.Build.0 = Debug|Any CPU
		{9FA93979-88AF-4FF8-A2EF-8DD869FF997C}.Debug|x86.ActiveCfg = Debug|Any CPU
		{9FA93979-88AF-4FF8-A2EF-8DD869FF997C}.Debug|x86.Build.0 = Debug|Any CPU
		{9FA93979-88AF-4FF8-A2EF-8DD869FF997C}.Release|Any CPU.ActiveCfg = Release|Any CPU
		{9FA93979-88AF-4FF8-A2EF-8DD869FF997C}.Release|Any CPU.Build.0 = Release|Any CPU
		{9FA93979-88AF-4FF8-A2EF-8DD869FF997C}.Release|x64.ActiveCfg = Release|Any CPU
		{9FA93979-88AF-4FF8-A2EF-8DD869FF997C}.Release|x64.Build.0 = Release|Any CPU
		{9FA93979-88AF-4FF8-A2EF-8DD869FF997C}.Release|x86.ActiveCfg = Release|Any CPU
		{9FA93979-88AF-4FF8-A2EF-8DD869FF997C}.Release|x86.Build.0 = Release|Any CPU
		{4E37C702-2D0C-4EE2-A9F4-118A47D3134C}.Debug|Any CPU.ActiveCfg = Debug|Any CPU
		{4E37C702-2D0C-4EE2-A9F4-118A47D3134C}.Debug|Any CPU.Build.0 = Debug|Any CPU
		{4E37C702-2D0C-4EE2-A9F4-118A47D3134C}.Debug|x64.ActiveCfg = Debug|Any CPU
		{4E37C702-2D0C-4EE2-A9F4-118A47D3134C}.Debug|x64.Build.0 = Debug|Any CPU
		{4E37C702-2D0C-4EE2-A9F4-118A47D3134C}.Debug|x86.ActiveCfg = Debug|Any CPU
		{4E37C702-2D0C-4EE2-A9F4-118A47D3134C}.Debug|x86.Build.0 = Debug|Any CPU
		{4E37C702-2D0C-4EE2-A9F4-118A47D3134C}.Release|Any CPU.ActiveCfg = Release|Any CPU
		{4E37C702-2D0C-4EE2-A9F4-118A47D3134C}.Release|Any CPU.Build.0 = Release|Any CPU
		{4E37C702-2D0C-4EE2-A9F4-118A47D3134C}.Release|x64.ActiveCfg = Release|Any CPU
		{4E37C702-2D0C-4EE2-A9F4-118A47D3134C}.Release|x64.Build.0 = Release|Any CPU
		{4E37C702-2D0C-4EE2-A9F4-118A47D3134C}.Release|x86.ActiveCfg = Release|Any CPU
		{4E37C702-2D0C-4EE2-A9F4-118A47D3134C}.Release|x86.Build.0 = Release|Any CPU
		{B63FA981-086C-4E83-B915-47FDA6ED782E}.Debug|Any CPU.ActiveCfg = Debug|Any CPU
		{B63FA981-086C-4E83-B915-47FDA6ED782E}.Debug|Any CPU.Build.0 = Debug|Any CPU
		{B63FA981-086C-4E83-B915-47FDA6ED782E}.Debug|x64.ActiveCfg = Debug|Any CPU
		{B63FA981-086C-4E83-B915-47FDA6ED782E}.Debug|x64.Build.0 = Debug|Any CPU
		{B63FA981-086C-4E83-B915-47FDA6ED782E}.Debug|x86.ActiveCfg = Debug|Any CPU
		{B63FA981-086C-4E83-B915-47FDA6ED782E}.Debug|x86.Build.0 = Debug|Any CPU
		{B63FA981-086C-4E83-B915-47FDA6ED782E}.Release|Any CPU.ActiveCfg = Release|Any CPU
		{B63FA981-086C-4E83-B915-47FDA6ED782E}.Release|Any CPU.Build.0 = Release|Any CPU
		{B63FA981-086C-4E83-B915-47FDA6ED782E}.Release|x64.ActiveCfg = Release|Any CPU
		{B63FA981-086C-4E83-B915-47FDA6ED782E}.Release|x64.Build.0 = Release|Any CPU
		{B63FA981-086C-4E83-B915-47FDA6ED782E}.Release|x86.ActiveCfg = Release|Any CPU
		{B63FA981-086C-4E83-B915-47FDA6ED782E}.Release|x86.Build.0 = Release|Any CPU
		{0B0DD25B-5BB7-451F-A361-513B44C49167}.Debug|Any CPU.ActiveCfg = Debug|Any CPU
		{0B0DD25B-5BB7-451F-A361-513B44C49167}.Debug|Any CPU.Build.0 = Debug|Any CPU
		{0B0DD25B-5BB7-451F-A361-513B44C49167}.Debug|x64.ActiveCfg = Debug|Any CPU
		{0B0DD25B-5BB7-451F-A361-513B44C49167}.Debug|x64.Build.0 = Debug|Any CPU
		{0B0DD25B-5BB7-451F-A361-513B44C49167}.Debug|x86.ActiveCfg = Debug|Any CPU
		{0B0DD25B-5BB7-451F-A361-513B44C49167}.Debug|x86.Build.0 = Debug|Any CPU
		{0B0DD25B-5BB7-451F-A361-513B44C49167}.Release|Any CPU.ActiveCfg = Release|Any CPU
		{0B0DD25B-5BB7-451F-A361-513B44C49167}.Release|Any CPU.Build.0 = Release|Any CPU
		{0B0DD25B-5BB7-451F-A361-513B44C49167}.Release|x64.ActiveCfg = Release|Any CPU
		{0B0DD25B-5BB7-451F-A361-513B44C49167}.Release|x64.Build.0 = Release|Any CPU
		{0B0DD25B-5BB7-451F-A361-513B44C49167}.Release|x86.ActiveCfg = Release|Any CPU
		{0B0DD25B-5BB7-451F-A361-513B44C49167}.Release|x86.Build.0 = Release|Any CPU
		{D70A079E-5434-43C2-AC22-1C50423CB2AC}.Debug|Any CPU.ActiveCfg = Debug|Any CPU
		{D70A079E-5434-43C2-AC22-1C50423CB2AC}.Debug|Any CPU.Build.0 = Debug|Any CPU
		{D70A079E-5434-43C2-AC22-1C50423CB2AC}.Debug|x64.ActiveCfg = Debug|Any CPU
		{D70A079E-5434-43C2-AC22-1C50423CB2AC}.Debug|x64.Build.0 = Debug|Any CPU
		{D70A079E-5434-43C2-AC22-1C50423CB2AC}.Debug|x86.ActiveCfg = Debug|Any CPU
		{D70A079E-5434-43C2-AC22-1C50423CB2AC}.Debug|x86.Build.0 = Debug|Any CPU
		{D70A079E-5434-43C2-AC22-1C50423CB2AC}.Release|Any CPU.ActiveCfg = Release|Any CPU
		{D70A079E-5434-43C2-AC22-1C50423CB2AC}.Release|Any CPU.Build.0 = Release|Any CPU
		{D70A079E-5434-43C2-AC22-1C50423CB2AC}.Release|x64.ActiveCfg = Release|Any CPU
		{D70A079E-5434-43C2-AC22-1C50423CB2AC}.Release|x64.Build.0 = Release|Any CPU
		{D70A079E-5434-43C2-AC22-1C50423CB2AC}.Release|x86.ActiveCfg = Release|Any CPU
		{D70A079E-5434-43C2-AC22-1C50423CB2AC}.Release|x86.Build.0 = Release|Any CPU
		{1A23D5BE-FBDF-49D3-B72C-ED6A5818011E}.Debug|Any CPU.ActiveCfg = Debug|Any CPU
		{1A23D5BE-FBDF-49D3-B72C-ED6A5818011E}.Debug|Any CPU.Build.0 = Debug|Any CPU
		{1A23D5BE-FBDF-49D3-B72C-ED6A5818011E}.Debug|x64.ActiveCfg = Debug|Any CPU
		{1A23D5BE-FBDF-49D3-B72C-ED6A5818011E}.Debug|x64.Build.0 = Debug|Any CPU
		{1A23D5BE-FBDF-49D3-B72C-ED6A5818011E}.Debug|x86.ActiveCfg = Debug|Any CPU
		{1A23D5BE-FBDF-49D3-B72C-ED6A5818011E}.Debug|x86.Build.0 = Debug|Any CPU
		{1A23D5BE-FBDF-49D3-B72C-ED6A5818011E}.Release|Any CPU.ActiveCfg = Release|Any CPU
		{1A23D5BE-FBDF-49D3-B72C-ED6A5818011E}.Release|Any CPU.Build.0 = Release|Any CPU
		{1A23D5BE-FBDF-49D3-B72C-ED6A5818011E}.Release|x64.ActiveCfg = Release|Any CPU
		{1A23D5BE-FBDF-49D3-B72C-ED6A5818011E}.Release|x64.Build.0 = Release|Any CPU
		{1A23D5BE-FBDF-49D3-B72C-ED6A5818011E}.Release|x86.ActiveCfg = Release|Any CPU
		{1A23D5BE-FBDF-49D3-B72C-ED6A5818011E}.Release|x86.Build.0 = Release|Any CPU
		{1630BDEB-B34D-4898-88ED-AD49E363054F}.Debug|Any CPU.ActiveCfg = Debug|Any CPU
		{1630BDEB-B34D-4898-88ED-AD49E363054F}.Debug|Any CPU.Build.0 = Debug|Any CPU
		{1630BDEB-B34D-4898-88ED-AD49E363054F}.Debug|x64.ActiveCfg = Debug|Any CPU
		{1630BDEB-B34D-4898-88ED-AD49E363054F}.Debug|x64.Build.0 = Debug|Any CPU
		{1630BDEB-B34D-4898-88ED-AD49E363054F}.Debug|x86.ActiveCfg = Debug|Any CPU
		{1630BDEB-B34D-4898-88ED-AD49E363054F}.Debug|x86.Build.0 = Debug|Any CPU
		{1630BDEB-B34D-4898-88ED-AD49E363054F}.Release|Any CPU.ActiveCfg = Release|Any CPU
		{1630BDEB-B34D-4898-88ED-AD49E363054F}.Release|Any CPU.Build.0 = Release|Any CPU
		{1630BDEB-B34D-4898-88ED-AD49E363054F}.Release|x64.ActiveCfg = Release|Any CPU
		{1630BDEB-B34D-4898-88ED-AD49E363054F}.Release|x64.Build.0 = Release|Any CPU
		{1630BDEB-B34D-4898-88ED-AD49E363054F}.Release|x86.ActiveCfg = Release|Any CPU
		{1630BDEB-B34D-4898-88ED-AD49E363054F}.Release|x86.Build.0 = Release|Any CPU
	EndGlobalSection
EndGlobal
